// !$*UTF8*$!
{
	archiveVersion = 1;
	classes = {
	};
	objectVersion = 46;
	objects = {

		3B9D697D29F5DFF7BFC1B20A = {isa = PBXBuildFile; fileRef = 329DB2BBEB45BD6A9C25C06E; };
		783DDBA43AF33A5DA10275DE = {isa = PBXBuildFile; fileRef = DE34C9EED8B65542DF1F7EA5; };
		154876FE753F96C6DBB1035D = {isa = PBXBuildFile; fileRef = D382B2EFF926D55A5494CF1D; };
		E8AD28E0C82240E8E5BFD0B7 = {isa = PBXBuildFile; fileRef = CE24234A805A548104752B18; };
		1B7D68D6BB5C540D38FF9122 = {isa = PBXBuildFile; fileRef = 51985E139AA96A0DF9BDD53F; };
		79FECC7AD35E7CD7C30569E3 = {isa = PBXBuildFile; fileRef = 984DC7C1FFB0CC7F4AE7C47F; };
		61AD7A33F376FB4318E4F7AF = {isa = PBXBuildFile; fileRef = C65386B81096933FA9436F33; };
		BF91BC76FFFCCFD8A5A3DB90 = {isa = PBXBuildFile; fileRef = 6D2D628981FCF64C310B884E; };
		B19EF2739AFA3DDA44EA7526 = {isa = PBXBuildFile; fileRef = C33B7FFCC2442377C56E393D; };
		C3B45D6C33FC8D2DFFAFD911 = {isa = PBXBuildFile; fileRef = 0A8426AE91646F9776A6C30E; };
		08B71F44034B3235DC256506 = {isa = PBXBuildFile; fileRef = 43C47DA992C4DBF75FF9D24B; };
		26DDC2E8A87CED2C233559FF = {isa = PBXBuildFile; fileRef = 0479B2108EC3D3086C664EF5; };
		5B7726FEB45B778ABED69629 = {isa = PBXBuildFile; fileRef = 0DB16E6AED0AC5A84706C552; };
		02843AA0A5FDADC7EEAC6BEE = {isa = PBXBuildFile; fileRef = 7D2F3F0955AD000B1DD805E0; };
		1CDB95CBF8A78E121703AABD = {isa = PBXBuildFile; fileRef = 56F1E6FB20F3E088CBFB1377; };
		3C0CF21B9D661657A7DBB61D = {isa = PBXBuildFile; fileRef = 7CE94819A159EB97C4EB7CB0; };
		5AA57ADA8E950DE1913F8074 = {isa = PBXBuildFile; fileRef = F038472164BBF13DB46AE980; };
		2CD8DDC837D8042EBD00FAAC = {isa = PBXBuildFile; fileRef = 3B0C1CD3678A6F387D9FA74A; };
		DE69B418D3E6B6893977CDC1 = {isa = PBXBuildFile; fileRef = 50AF3FA7DCE765C398861AA7; };
		CFE6846487945890AEFA253B = {isa = PBXBuildFile; fileRef = 946060CD40B148EF6582DC18; };
		F683B8ED17E7E74361810BC1 = {isa = PBXBuildFile; fileRef = E46DA1382F4DD483C8752E50; };
		D9997560B40DD7D50FA3E9A0 = {isa = PBXBuildFile; fileRef = 4257FBF05F2E14AA226A1659; };
		B6142B2DF81E50A0E4E76F52 = {isa = PBXBuildFile; fileRef = 67BAE8E7B8157752734DFC9F; };
		0988CF5ED15E82CC78B53137 = {isa = PBXBuildFile; fileRef = 427C295AC9AA6CB38233C5B0; };
		7895E7D833D1029782229EBF = {isa = PBXBuildFile; fileRef = 468E08BC5AA0C3D8D1C9F410; };
		7D138E4AA28C1C976EA1D186 = {isa = PBXBuildFile; fileRef = A8ED8DC046DDC1B796F6203C; };
		5996B7821900A1790016AADE = {isa = PBXBuildFile; fileRef = 0DF7613DEBCCF4E1B2EDC4A8; };
		1E62DE5EE4512FECE82E2E09 = {isa = PBXBuildFile; fileRef = 5D9FB702C8DE497F23332C5A; };
		46761BF0558068478B8ABEC2 = {isa = PBXBuildFile; fileRef = 51A99C88D24F6FA6EB420D8C; };
		CB115CA1ED358F980E1CBE6F = {isa = PBXBuildFile; fileRef = 41F4ED3215862F7062B2B713; };
		9C5A0DCFFD53650C343E142F = {isa = PBXBuildFile; fileRef = E7656FD65D0D145C3C20CF7D; };
		9E6E52EFC3B57F61D701EC19 = {isa = PBXBuildFile; fileRef = 7A4D78B059F3D62B97671462; };
		274D467D0A8753F7EDBD04DF = {isa = PBXBuildFile; fileRef = 28457B87BE9A7E186933D826; };
		9494E786CFDC756E9821102A = {isa = PBXBuildFile; fileRef = 71AA66A84B31985D165C57FE; };
		0B753ED8F52C2C248C53F0AB = {isa = PBXBuildFile; fileRef = A95AA746A1E8C497E09449B6; };
		DAB193581FCC69B9691223B5 = {isa = PBXBuildFile; fileRef = 8AB4F0CE47D006D5C910503B; };
		5D22FDD5F55141A80CE432EC = {isa = PBXBuildFile; fileRef = 219AB01EF105570D181D3987; };
		8FD7DF91F80816C75804E626 = {isa = PBXBuildFile; fileRef = BF41B9FD27A763715E7A3E73; };
		3A43512BD12733D784697343 = {isa = PBXBuildFile; fileRef = BFAAC07638C61F5B0F3E0C09; };
		FBFDB86DECA46E503320CAEE = {isa = PBXBuildFile; fileRef = C4753B9659A6D64B908A54C9; };
		E8CDF6E5A8E80EB92013DBFE = {isa = PBXBuildFile; fileRef = 15DE670E1E07882F1D0F3310; };
		10066F8FBF6EC9E37E0DE1AD = {isa = PBXBuildFile; fileRef = 1BEC912E78E170204E96C754; };
		B99E04E3BBE9E0D0DB1797C7 = {isa = PBXBuildFile; fileRef = 49E01B9883E491C0375E0D98; };
		8689BCA55706DB2AF975F6BE = {isa = PBXBuildFile; fileRef = DD06BAFD7F940C41E23CF89A; };
		7020F5FC4892253AEDC4B6C1 = {isa = PBXBuildFile; fileRef = 9B28F0E03AEBA79649A0DB4C; };
		FEC45F5FAA0B8F0B2EB4D62C = {isa = PBXBuildFile; fileRef = 2DEA38455C24F477A432448A; };
		6348ED75152CC9DCD4327937 = {isa = PBXBuildFile; fileRef = BDA0CC6C16D3F2E9A387D7AB; };
		631BBF5C0B44B9CAF4248FAD = {isa = PBXBuildFile; fileRef = 1CE564D2DE96733ADF54A601; };
		2F31CF09BE378AD7ED861925 = {isa = PBXBuildFile; fileRef = C338756E3C93438896949FB9; };
		C4199DF380BE36A4BB61C542 = {isa = PBXBuildFile; fileRef = 94F53D7F00CBDBAF99D78072; };
		F26E07F79FD441C416B3E98E = {isa = PBXBuildFile; fileRef = 2D8348666CEF4F114F75186D; };
		37FC7CDE7C515B3ABEFCBF20 = {isa = PBXBuildFile; fileRef = 08FBE4E80406DFC06A801885; };
		E7FA2C8749C360EBAC0C497E = {isa = PBXBuildFile; fileRef = 75A9FD8847C6F1C0FB785025; };
		AFB47B9448D55B25E1D20E8F = {isa = PBXBuildFile; fileRef = FB2A68BF92DB5683C7EA4255; };
		0479B2108EC3D3086C664EF5 = {isa = PBXFileReference; lastKnownFileType = wrapper.framework; name = Cocoa.framework; path = System/Library/Frameworks/Cocoa.framework; sourceTree = SDKROOT; };
		06368B2E4634AEF03549D2A7 = {isa = PBXFileReference; lastKnownFileType = file.xml; name = DefaultPreset.xml; path = ../../Assets/DefaultPreset.xml; sourceTree = "SOURCE_ROOT"; };
		06F1639F9ACD9530D7553818 = {isa = PBXFileReference; lastKnownFileType = file.xml; name = MorningAtTheDMVPreset.xml; path = ../../Assets/MorningAtTheDMVPreset.xml; sourceTree = "SOURCE_ROOT"; };
		08FBE4E80406DFC06A801885 = {isa = PBXFileReference; lastKnownFileType = sourcecode.cpp.objcpp; name = "include_juce_gui_extra.mm"; path = "../../JuceLibraryCode/include_juce_gui_extra.mm"; sourceTree = "SOURCE_ROOT"; };
		096DEFCE628676E9EDC08240 = {isa = PBXFileReference; lastKnownFileType = file; name = "juce_audio_devices"; path = "../../JuceLibraryCode/modules/juce_audio_devices"; sourceTree = "SOURCE_ROOT"; };
		0A8426AE91646F9776A6C30E = {isa = PBXFileReference; lastKnownFileType = wrapper.framework; name = AVKit.framework; path = System/Library/Frameworks/AVKit.framework; sourceTree = SDKROOT; };
		0CD23932791610E5366E2581 = {isa = PBXFileReference; lastKnownFileType = file; name = "juce_data_structures"; path = "../../JuceLibraryCode/modules/juce_data_structures"; sourceTree = "SOURCE_ROOT"; };
		0DB16E6AED0AC5A84706C552 = {isa = PBXFileReference; lastKnownFileType = wrapper.framework; name = CoreAudio.framework; path = System/Library/Frameworks/CoreAudio.framework; sourceTree = SDKROOT; };
		0DF7613DEBCCF4E1B2EDC4A8 = {isa = PBXFileReference; lastKnownFileType = sourcecode.cpp.cpp; name = FaustUIBridge.cpp; path = ../../Source/FaustUIBridge.cpp; sourceTree = "SOURCE_ROOT"; };
		12E2E64B4BA3D4D3F7FDD5C7 = {isa = PBXFileReference; lastKnownFileType = file.otf; name = "Montserrat-Light.otf"; path = "../../Assets/Montserrat-Light.otf"; sourceTree = "SOURCE_ROOT"; };
		15DE670E1E07882F1D0F3310 = {isa = PBXFileReference; lastKnownFileType = sourcecode.cpp.cpp; name = "include_juce_audio_plugin_client_VST2.cpp"; path = "../../JuceLibraryCode/include_juce_audio_plugin_client_VST2.cpp"; sourceTree = "SOURCE_ROOT"; };
		16ABFACFA41328E1822C64FC = {isa = PBXFileReference; lastKnownFileType = text.plist.xml; name = "Info-VST3.plist"; path = "Info-VST3.plist"; sourceTree = "SOURCE_ROOT"; };
		1B6CAB86422500A32B9A2268 = {isa = PBXFileReference; lastKnownFileType = text.plist.xml; name = "Info-VST.plist"; path = "Info-VST.plist"; sourceTree = "SOURCE_ROOT"; };
		1BEC912E78E170204E96C754 = {isa = PBXFileReference; lastKnownFileType = sourcecode.cpp.cpp; name = "include_juce_audio_plugin_client_VST3.cpp"; path = "../../JuceLibraryCode/include_juce_audio_plugin_client_VST3.cpp"; sourceTree = "SOURCE_ROOT"; };
		1CE564D2DE96733ADF54A601 = {isa = PBXFileReference; lastKnownFileType = sourcecode.cpp.objcpp; name = "include_juce_dsp.mm"; path = "../../JuceLibraryCode/include_juce_dsp.mm"; sourceTree = "SOURCE_ROOT"; };
		1FAFF3E78F94C4EFE22718DD = {isa = PBXFileReference; lastKnownFileType = text.plist.xml; name = Temper.entitlements; path = Temper.entitlements; sourceTree = "SOURCE_ROOT"; };
		219AB01EF105570D181D3987 = {isa = PBXFileReference; lastKnownFileType = sourcecode.cpp.objcpp; name = "include_juce_audio_plugin_client_AU_2.mm"; path = "../../JuceLibraryCode/include_juce_audio_plugin_client_AU_2.mm"; sourceTree = "SOURCE_ROOT"; };
		253002B26ADB2119AD3ECFCC = {isa = PBXFileReference; lastKnownFileType = file; name = "juce_audio_basics"; path = "../../JuceLibraryCode/modules/juce_audio_basics"; sourceTree = "SOURCE_ROOT"; };
		28457B87BE9A7E186933D826 = {isa = PBXFileReference; lastKnownFileType = sourcecode.cpp.objcpp; name = "include_juce_audio_devices.mm"; path = "../../JuceLibraryCode/include_juce_audio_devices.mm"; sourceTree = "SOURCE_ROOT"; };
		2D8348666CEF4F114F75186D = {isa = PBXFileReference; lastKnownFileType = sourcecode.cpp.objcpp; name = "include_juce_gui_basics.mm"; path = "../../JuceLibraryCode/include_juce_gui_basics.mm"; sourceTree = "SOURCE_ROOT"; };
		2DEA38455C24F477A432448A = {isa = PBXFileReference; lastKnownFileType = sourcecode.cpp.objcpp; name = "include_juce_cryptography.mm"; path = "../../JuceLibraryCode/include_juce_cryptography.mm"; sourceTree = "SOURCE_ROOT"; };
		329DB2BBEB45BD6A9C25C06E = {isa = PBXFileReference; explicitFileType = wrapper.cfbundle; includeInIndex = 0; path = Temper.vst; sourceTree = "BUILT_PRODUCTS_DIR"; };
		38AD97F621B0472920539505 = {isa = PBXFileReference; lastKnownFileType = sourcecode.c.h; name = PluginEditor.h; path = ../../Source/PluginEditor.h; sourceTree = "SOURCE_ROOT"; };
		3B0C1CD3678A6F387D9FA74A = {isa = PBXFileReference; lastKnownFileType = wrapper.framework; name = IOKit.framework; path = System/Library/Frameworks/IOKit.framework; sourceTree = SDKROOT; };
		3C2BE373BB1BAB3D5D38E8B6 = {isa = PBXFileReference; lastKnownFileType = file; name = "juce_core"; path = "../../JuceLibraryCode/modules/juce_core"; sourceTree = "SOURCE_ROOT"; };
		3D60425B91F9969B127BDB48 = {isa = PBXFileReference; lastKnownFileType = file; name = "juce_opengl"; path = "../../JuceLibraryCode/modules/juce_opengl"; sourceTree = "SOURCE_ROOT"; };
		41F4ED3215862F7062B2B713 = {isa = PBXFileReference; lastKnownFileType = sourcecode.cpp.cpp; name = PluginEditor.cpp; path = ../../Source/PluginEditor.cpp; sourceTree = "SOURCE_ROOT"; };
		4257FBF05F2E14AA226A1659 = {isa = PBXFileReference; lastKnownFileType = file.nib; name = RecentFilesMenuTemplate.nib; path = RecentFilesMenuTemplate.nib; sourceTree = "SOURCE_ROOT"; };
		427C295AC9AA6CB38233C5B0 = {isa = PBXFileReference; lastKnownFileType = sourcecode.cpp.cpp; name = MainComponent.cpp; path = ../../Source/MainComponent.cpp; sourceTree = "SOURCE_ROOT"; };
		43C47DA992C4DBF75FF9D24B = {isa = PBXFileReference; lastKnownFileType = wrapper.framework; name = Carbon.framework; path = System/Library/Frameworks/Carbon.framework; sourceTree = SDKROOT; };
		45005A864595D15B0C0A0A06 = {isa = PBXFileReference; lastKnownFileType = file; name = "juce_cryptography"; path = "../../JuceLibraryCode/modules/juce_cryptography"; sourceTree = "SOURCE_ROOT"; };
		468E08BC5AA0C3D8D1C9F410 = {isa = PBXFileReference; lastKnownFileType = sourcecode.cpp.cpp; name = TemperLookAndFeel.cpp; path = ../../Source/TemperLookAndFeel.cpp; sourceTree = "SOURCE_ROOT"; };
		49E01B9883E491C0375E0D98 = {isa = PBXFileReference; lastKnownFileType = sourcecode.cpp.objcpp; name = "include_juce_audio_processors.mm"; path = "../../JuceLibraryCode/include_juce_audio_processors.mm"; sourceTree = "SOURCE_ROOT"; };
		4B8BCF2F0AEF77E1734081AE = {isa = PBXFileReference; lastKnownFileType = sourcecode.c.h; name = BinaryData.h; path = ../../JuceLibraryCode/BinaryData.h; sourceTree = "SOURCE_ROOT"; };
		50AF3FA7DCE765C398861AA7 = {isa = PBXFileReference; lastKnownFileType = wrapper.framework; name = OpenGL.framework; path = System/Library/Frameworks/OpenGL.framework; sourceTree = SDKROOT; };
		51A99C88D24F6FA6EB420D8C = {isa = PBXFileReference; lastKnownFileType = sourcecode.cpp.cpp; name = PluginProcessor.cpp; path = ../../Source/PluginProcessor.cpp; sourceTree = "SOURCE_ROOT"; };
		56F1E6FB20F3E088CBFB1377 = {isa = PBXFileReference; lastKnownFileType = wrapper.framework; name = CoreMedia.framework; path = System/Library/Frameworks/CoreMedia.framework; sourceTree = SDKROOT; };
		5916961A8219D0B65503FCC1 = {isa = PBXFileReference; lastKnownFileType = file; name = "juce_audio_plugin_client"; path = "../../JuceLibraryCode/modules/juce_audio_plugin_client"; sourceTree = "SOURCE_ROOT"; };
		5D9FB702C8DE497F23332C5A = {isa = PBXFileReference; lastKnownFileType = sourcecode.cpp.cpp; name = TemperDsp.cpp; path = ../../Source/TemperDsp.cpp; sourceTree = "SOURCE_ROOT"; };
		655E5FC18EFF266ED39F59A0 = {isa = PBXFileReference; lastKnownFileType = sourcecode.c.h; name = RestrictionProcessor.h; path = ../../Source/RestrictionProcessor.h; sourceTree = "SOURCE_ROOT"; };
		67BAE8E7B8157752734DFC9F = {isa = PBXFileReference; lastKnownFileType = sourcecode.cpp.cpp; name = SpectroscopeComponent.cpp; path = ../../Source/SpectroscopeComponent.cpp; sourceTree = "SOURCE_ROOT"; };
		68478345A384B80536B12B21 = {isa = PBXFileReference; lastKnownFileType = file.xml; name = FlyingUnitedPreset.xml; path = ../../Assets/FlyingUnitedPreset.xml; sourceTree = "SOURCE_ROOT"; };
		6BC0FF159358D5B4A032A59E = {isa = PBXFileReference; lastKnownFileType = file; name = "juce_dsp"; path = "../../JuceLibraryCode/modules/juce_dsp"; sourceTree = "SOURCE_ROOT"; };
		6D2D628981FCF64C310B884E = {isa = PBXFileReference; lastKnownFileType = wrapper.framework; name = AudioUnit.framework; path = System/Library/Frameworks/AudioUnit.framework; sourceTree = SDKROOT; };
		71AA66A84B31985D165C57FE = {isa = PBXFileReference; lastKnownFileType = sourcecode.cpp.objcpp; name = "include_juce_audio_formats.mm"; path = "../../JuceLibraryCode/include_juce_audio_formats.mm"; sourceTree = "SOURCE_ROOT"; };
		73E7C5339E54B3E9C178B88A = {isa = PBXFileReference; lastKnownFileType = image.png; name = Background.png; path = ../../Assets/Background.png; sourceTree = "SOURCE_ROOT"; };
		75A9FD8847C6F1C0FB785025 = {isa = PBXFileReference; lastKnownFileType = sourcecode.cpp.objcpp; name = "include_juce_opengl.mm"; path = "../../JuceLibraryCode/include_juce_opengl.mm"; sourceTree = "SOURCE_ROOT"; };
		77A91BB0FF221C1C2DA56F78 = {isa = PBXFileReference; lastKnownFileType = file; name = "juce_audio_utils"; path = "../../JuceLibraryCode/modules/juce_audio_utils"; sourceTree = "SOURCE_ROOT"; };
		7A4D78B059F3D62B97671462 = {isa = PBXFileReference; lastKnownFileType = sourcecode.cpp.objcpp; name = "include_juce_audio_basics.mm"; path = "../../JuceLibraryCode/include_juce_audio_basics.mm"; sourceTree = "SOURCE_ROOT"; };
		7CE94819A159EB97C4EB7CB0 = {isa = PBXFileReference; lastKnownFileType = wrapper.framework; name = CoreMIDI.framework; path = System/Library/Frameworks/CoreMIDI.framework; sourceTree = SDKROOT; };
		7D2F3F0955AD000B1DD805E0 = {isa = PBXFileReference; lastKnownFileType = wrapper.framework; name = CoreAudioKit.framework; path = System/Library/Frameworks/CoreAudioKit.framework; sourceTree = SDKROOT; };
		82F2F6F25EBB1289086EEDAE = {isa = PBXFileReference; lastKnownFileType = file; name = "juce_graphics"; path = "../../JuceLibraryCode/modules/juce_graphics"; sourceTree = "SOURCE_ROOT"; };
		84C933187392AB5213F68E7D = {isa = PBXFileReference; lastKnownFileType = file; name = "juce_events"; path = "../../JuceLibraryCode/modules/juce_events"; sourceTree = "SOURCE_ROOT"; };
		85D5F537A586A7233EA46537 = {isa = PBXFileReference; lastKnownFileType = file; name = "juce_gui_basics"; path = "../../JuceLibraryCode/modules/juce_gui_basics"; sourceTree = "SOURCE_ROOT"; };
		88AE69AE0F81E844A525CC9A = {isa = PBXFileReference; lastKnownFileType = sourcecode.c.h; name = SpectroscopeComponent.h; path = ../../Source/SpectroscopeComponent.h; sourceTree = "SOURCE_ROOT"; };
		8AB4F0CE47D006D5C910503B = {isa = PBXFileReference; lastKnownFileType = sourcecode.cpp.objcpp; name = "include_juce_audio_plugin_client_AU_1.mm"; path = "../../JuceLibraryCode/include_juce_audio_plugin_client_AU_1.mm"; sourceTree = "SOURCE_ROOT"; };
		946060CD40B148EF6582DC18 = {isa = PBXFileReference; lastKnownFileType = wrapper.framework; name = QuartzCore.framework; path = System/Library/Frameworks/QuartzCore.framework; sourceTree = SDKROOT; };
		94F53D7F00CBDBAF99D78072 = {isa = PBXFileReference; lastKnownFileType = sourcecode.cpp.objcpp; name = "include_juce_graphics.mm"; path = "../../JuceLibraryCode/include_juce_graphics.mm"; sourceTree = "SOURCE_ROOT"; };
		984DC7C1FFB0CC7F4AE7C47F = {isa = PBXFileReference; lastKnownFileType = wrapper.framework; name = Accelerate.framework; path = System/Library/Frameworks/Accelerate.framework; sourceTree = SDKROOT; };
		9B28F0E03AEBA79649A0DB4C = {isa = PBXFileReference; lastKnownFileType = sourcecode.cpp.objcpp; name = "include_juce_core.mm"; path = "../../JuceLibraryCode/include_juce_core.mm"; sourceTree = "SOURCE_ROOT"; };
		A8ED8DC046DDC1B796F6203C = {isa = PBXFileReference; lastKnownFileType = sourcecode.cpp.cpp; name = RestrictionProcessor.cpp; path = ../../Source/RestrictionProcessor.cpp; sourceTree = "SOURCE_ROOT"; };
		A95AA746A1E8C497E09449B6 = {isa = PBXFileReference; lastKnownFileType = file.r; name = "include_juce_audio_plugin_client_AU.r"; path = "../../JuceLibraryCode/include_juce_audio_plugin_client_AU.r"; sourceTree = "SOURCE_ROOT"; };
		AF7A7862770F586EB8CF8E8C = {isa = PBXFileReference; lastKnownFileType = sourcecode.c.h; name = MainComponent.h; path = ../../Source/MainComponent.h; sourceTree = "SOURCE_ROOT"; };
		B855EA5B24A1278D206CDC63 = {isa = PBXFileReference; lastKnownFileType = file; name = "juce_audio_processors"; path = "../../JuceLibraryCode/modules/juce_audio_processors"; sourceTree = "SOURCE_ROOT"; };
		B90EE98DE447E998BF9AC67B = {isa = PBXFileReference; lastKnownFileType = file; name = "juce_video"; path = "../../JuceLibraryCode/modules/juce_video"; sourceTree = "SOURCE_ROOT"; };
		BDA0CC6C16D3F2E9A387D7AB = {isa = PBXFileReference; lastKnownFileType = sourcecode.cpp.objcpp; name = "include_juce_data_structures.mm"; path = "../../JuceLibraryCode/include_juce_data_structures.mm"; sourceTree = "SOURCE_ROOT"; };
		BED083CDF59E8F98DFACA442 = {isa = PBXFileReference; lastKnownFileType = image.png; name = GraphBackground.png; path = ../../Assets/GraphBackground.png; sourceTree = "SOURCE_ROOT"; };
		BF41B9FD27A763715E7A3E73 = {isa = PBXFileReference; lastKnownFileType = sourcecode.cpp.cpp; name = "include_juce_audio_plugin_client_Standalone.cpp"; path = "../../JuceLibraryCode/include_juce_audio_plugin_client_Standalone.cpp"; sourceTree = "SOURCE_ROOT"; };
		BFAAC07638C61F5B0F3E0C09 = {isa = PBXFileReference; lastKnownFileType = sourcecode.cpp.cpp; name = "include_juce_audio_plugin_client_utils.cpp"; path = "../../JuceLibraryCode/include_juce_audio_plugin_client_utils.cpp"; sourceTree = "SOURCE_ROOT"; };
		C338756E3C93438896949FB9 = {isa = PBXFileReference; lastKnownFileType = sourcecode.cpp.objcpp; name = "include_juce_events.mm"; path = "../../JuceLibraryCode/include_juce_events.mm"; sourceTree = "SOURCE_ROOT"; };
		C33B7FFCC2442377C56E393D = {isa = PBXFileReference; lastKnownFileType = wrapper.framework; name = AVFoundation.framework; path = System/Library/Frameworks/AVFoundation.framework; sourceTree = SDKROOT; };
		C4753B9659A6D64B908A54C9 = {isa = PBXFileReference; lastKnownFileType = sourcecode.cpp.objcpp; name = "include_juce_audio_plugin_client_VST_utils.mm"; path = "../../JuceLibraryCode/include_juce_audio_plugin_client_VST_utils.mm"; sourceTree = "SOURCE_ROOT"; };
		C65386B81096933FA9436F33 = {isa = PBXFileReference; lastKnownFileType = wrapper.framework; name = AudioToolbox.framework; path = System/Library/Frameworks/AudioToolbox.framework; sourceTree = SDKROOT; };
		DA17DD1163220461EDB43F01 = {isa = PBXFileReference; lastKnownFileType = sourcecode.c.h; name = PluginProcessor.h; path = ../../Source/PluginProcessor.h; sourceTree = "SOURCE_ROOT"; };
		DA229717FA82D3728EE12635 = {isa = PBXFileReference; lastKnownFileType = sourcecode.c.h; name = JuceHeader.h; path = ../../JuceLibraryCode/JuceHeader.h; sourceTree = "SOURCE_ROOT"; };
		DD06BAFD7F940C41E23CF89A = {isa = PBXFileReference; lastKnownFileType = sourcecode.cpp.objcpp; name = "include_juce_audio_utils.mm"; path = "../../JuceLibraryCode/include_juce_audio_utils.mm"; sourceTree = "SOURCE_ROOT"; };
		DE34C9EED8B65542DF1F7EA5 = {isa = PBXFileReference; explicitFileType = wrapper.cfbundle; includeInIndex = 0; path = Temper.vst3; sourceTree = "BUILT_PRODUCTS_DIR"; };
		D382B2EFF926D55A5494CF1D = {isa = PBXFileReference; explicitFileType = wrapper.cfbundle; includeInIndex = 0; path = Temper.component; sourceTree = "BUILT_PRODUCTS_DIR"; };
		CE24234A805A548104752B18 = {isa = PBXFileReference; explicitFileType = wrapper.application; includeInIndex = 0; path = Temper.app; sourceTree = "BUILT_PRODUCTS_DIR"; };
		51985E139AA96A0DF9BDD53F = {isa = PBXFileReference; explicitFileType = archive.ar; includeInIndex = 0; path = libTemper.a; sourceTree = "BUILT_PRODUCTS_DIR"; };
		DEDC7CAC683D9B79D66AC5BC = {isa = PBXFileReference; lastKnownFileType = file.xml; name = BeeStingPreset.xml; path = ../../Assets/BeeStingPreset.xml; sourceTree = "SOURCE_ROOT"; };
		E15F6B7B3DBDF9B9DA0014F2 = {isa = PBXFileReference; lastKnownFileType = file; name = "juce_audio_formats"; path = "../../JuceLibraryCode/modules/juce_audio_formats"; sourceTree = "SOURCE_ROOT"; };
		E46DA1382F4DD483C8752E50 = {isa = PBXFileReference; lastKnownFileType = wrapper.framework; name = WebKit.framework; path = System/Library/Frameworks/WebKit.framework; sourceTree = SDKROOT; };
		E4D7E302FD79D8288EDC02DF = {isa = PBXFileReference; lastKnownFileType = text.plist.xml; name = "Info-AU.plist"; path = "Info-AU.plist"; sourceTree = "SOURCE_ROOT"; };
		E7656FD65D0D145C3C20CF7D = {isa = PBXFileReference; lastKnownFileType = sourcecode.cpp.cpp; name = BinaryData.cpp; path = ../../JuceLibraryCode/BinaryData.cpp; sourceTree = "SOURCE_ROOT"; };
		E9E983AE01932CE7AABF122A = {isa = PBXFileReference; lastKnownFileType = file.xml; name = StubbedToePreset.xml; path = ../../Assets/StubbedToePreset.xml; sourceTree = "SOURCE_ROOT"; };
		EB5F70D3AED2FCD441751394 = {isa = PBXFileReference; lastKnownFileType = sourcecode.c.h; name = TemperLookAndFeel.h; path = ../../Source/TemperLookAndFeel.h; sourceTree = "SOURCE_ROOT"; };
		ED786270C053227B54793072 = {isa = PBXFileReference; lastKnownFileType = text.plist.xml; name = "Info-Standalone_Plugin.plist"; path = "Info-Standalone_Plugin.plist"; sourceTree = "SOURCE_ROOT"; };
		F038472164BBF13DB46AE980 = {isa = PBXFileReference; lastKnownFileType = wrapper.framework; name = DiscRecording.framework; path = System/Library/Frameworks/DiscRecording.framework; sourceTree = SDKROOT; };
		F0E83AB8627EEB12A5F354C9 = {isa = PBXFileReference; lastKnownFileType = sourcecode.c.h; name = FaustUIBridge.h; path = ../../Source/FaustUIBridge.h; sourceTree = "SOURCE_ROOT"; };
		F18B8A5D50E29FDAEF2E5581 = {isa = PBXFileReference; lastKnownFileType = sourcecode.c.h; name = AppConfig.h; path = ../../JuceLibraryCode/AppConfig.h; sourceTree = "SOURCE_ROOT"; };
		F4E576760B96BFC53ADE07E8 = {isa = PBXFileReference; lastKnownFileType = file; name = "juce_gui_extra"; path = "../../JuceLibraryCode/modules/juce_gui_extra"; sourceTree = "SOURCE_ROOT"; };
		FB2A68BF92DB5683C7EA4255 = {isa = PBXFileReference; lastKnownFileType = sourcecode.cpp.objcpp; name = "include_juce_video.mm"; path = "../../JuceLibraryCode/include_juce_video.mm"; sourceTree = "SOURCE_ROOT"; };
		0783BBC300C13B7B7471518C = {isa = PBXGroup; children = (
					73E7C5339E54B3E9C178B88A,
					DEDC7CAC683D9B79D66AC5BC,
					06368B2E4634AEF03549D2A7,
					68478345A384B80536B12B21,
					BED083CDF59E8F98DFACA442,
					12E2E64B4BA3D4D3F7FDD5C7,
					06F1639F9ACD9530D7553818,
					E9E983AE01932CE7AABF122A, ); name = Assets; sourceTree = "<group>"; };
		5239F8DD8842949279B144DD = {isa = PBXGroup; children = (
					67BAE8E7B8157752734DFC9F,
					88AE69AE0F81E844A525CC9A,
					427C295AC9AA6CB38233C5B0,
					AF7A7862770F586EB8CF8E8C,
					468E08BC5AA0C3D8D1C9F410,
					EB5F70D3AED2FCD441751394,
					A8ED8DC046DDC1B796F6203C,
					655E5FC18EFF266ED39F59A0,
					0DF7613DEBCCF4E1B2EDC4A8,
					F0E83AB8627EEB12A5F354C9,
					5D9FB702C8DE497F23332C5A,
					51A99C88D24F6FA6EB420D8C,
					DA17DD1163220461EDB43F01,
					41F4ED3215862F7062B2B713,
					38AD97F621B0472920539505, ); name = Source; sourceTree = "<group>"; };
		78D8756494305AA83D310EA9 = {isa = PBXGroup; children = (
					0783BBC300C13B7B7471518C,
					5239F8DD8842949279B144DD, ); name = Temper; sourceTree = "<group>"; };
		FC58AB75B20CF5AE97BA51D3 = {isa = PBXGroup; children = (
					253002B26ADB2119AD3ECFCC,
					096DEFCE628676E9EDC08240,
					E15F6B7B3DBDF9B9DA0014F2,
					5916961A8219D0B65503FCC1,
					B855EA5B24A1278D206CDC63,
					77A91BB0FF221C1C2DA56F78,
					3C2BE373BB1BAB3D5D38E8B6,
					45005A864595D15B0C0A0A06,
					0CD23932791610E5366E2581,
					6BC0FF159358D5B4A032A59E,
					84C933187392AB5213F68E7D,
					82F2F6F25EBB1289086EEDAE,
					85D5F537A586A7233EA46537,
					F4E576760B96BFC53ADE07E8,
					3D60425B91F9969B127BDB48,
					B90EE98DE447E998BF9AC67B, ); name = "JUCE Modules"; sourceTree = "<group>"; };
		7F3BE1629581C7BA6B7F806F = {isa = PBXGroup; children = (
					F18B8A5D50E29FDAEF2E5581,
					E7656FD65D0D145C3C20CF7D,
					4B8BCF2F0AEF77E1734081AE,
					7A4D78B059F3D62B97671462,
					28457B87BE9A7E186933D826,
					71AA66A84B31985D165C57FE,
					A95AA746A1E8C497E09449B6,
					8AB4F0CE47D006D5C910503B,
					219AB01EF105570D181D3987,
					BF41B9FD27A763715E7A3E73,
					BFAAC07638C61F5B0F3E0C09,
					C4753B9659A6D64B908A54C9,
					15DE670E1E07882F1D0F3310,
					1BEC912E78E170204E96C754,
					49E01B9883E491C0375E0D98,
					DD06BAFD7F940C41E23CF89A,
					9B28F0E03AEBA79649A0DB4C,
					2DEA38455C24F477A432448A,
					BDA0CC6C16D3F2E9A387D7AB,
					1CE564D2DE96733ADF54A601,
					C338756E3C93438896949FB9,
					94F53D7F00CBDBAF99D78072,
					2D8348666CEF4F114F75186D,
					08FBE4E80406DFC06A801885,
					75A9FD8847C6F1C0FB785025,
					FB2A68BF92DB5683C7EA4255,
					DA229717FA82D3728EE12635, ); name = "JUCE Library Code"; sourceTree = "<group>"; };
		7B6C20AA19B30308B7071BB6 = {isa = PBXGroup; children = (
					1B6CAB86422500A32B9A2268,
					16ABFACFA41328E1822C64FC,
					E4D7E302FD79D8288EDC02DF,
					ED786270C053227B54793072,
					4257FBF05F2E14AA226A1659, ); name = Resources; sourceTree = "<group>"; };
		4EB0C2E5B91B060521668B43 = {isa = PBXGroup; children = (
					984DC7C1FFB0CC7F4AE7C47F,
					C65386B81096933FA9436F33,
					6D2D628981FCF64C310B884E,
					C33B7FFCC2442377C56E393D,
					0A8426AE91646F9776A6C30E,
					43C47DA992C4DBF75FF9D24B,
					0479B2108EC3D3086C664EF5,
					0DB16E6AED0AC5A84706C552,
					7D2F3F0955AD000B1DD805E0,
					56F1E6FB20F3E088CBFB1377,
					7CE94819A159EB97C4EB7CB0,
					F038472164BBF13DB46AE980,
					3B0C1CD3678A6F387D9FA74A,
					50AF3FA7DCE765C398861AA7,
					946060CD40B148EF6582DC18,
					E46DA1382F4DD483C8752E50, ); name = Frameworks; sourceTree = "<group>"; };
		D70C3C34C34A0174F5CCAECB = {isa = PBXGroup; children = (
					329DB2BBEB45BD6A9C25C06E,
					DE34C9EED8B65542DF1F7EA5,
					D382B2EFF926D55A5494CF1D,
					CE24234A805A548104752B18,
					51985E139AA96A0DF9BDD53F, ); name = Products; sourceTree = "<group>"; };
		16B7A8795DC462581C0D3409 = {isa = PBXGroup; children = (
					1FAFF3E78F94C4EFE22718DD,
					78D8756494305AA83D310EA9,
					FC58AB75B20CF5AE97BA51D3,
					7F3BE1629581C7BA6B7F806F,
					7B6C20AA19B30308B7071BB6,
					4EB0C2E5B91B060521668B43,
					D70C3C34C34A0174F5CCAECB, ); name = Source; sourceTree = "<group>"; };
		C7002CCFFE56C8F1B385BDA7 = {isa = XCBuildConfiguration; buildSettings = {
				MACOSX_DEPLOYMENT_TARGET = 10.9; }; name = Debug; };
		D652EDE4F3E5F7F37B76225A = {isa = XCBuildConfiguration; buildSettings = {
				MACOSX_DEPLOYMENT_TARGET = 10.9; }; name = Release; };
		992799EC591C91E642CD3D65 = {isa = XCBuildConfiguration; buildSettings = {
				MACOSX_DEPLOYMENT_TARGET = 10.9; }; name = Demo; };
		037777277548B3E4413ECEF1 = {isa = XCBuildConfiguration; buildSettings = {
				ARCHS = "$(ARCHS_STANDARD_32_64_BIT)";
				CLANG_CXX_LANGUAGE_STANDARD = "c++14";
				CLANG_LINK_OBJC_RUNTIME = NO;
				COMBINE_HIDPI_IMAGES = YES;
				CONFIGURATION_BUILD_DIR = "$(PROJECT_DIR)/build/$(CONFIGURATION)";
				COPY_PHASE_STRIP = NO;
				DEPLOYMENT_LOCATION = YES;
				DSTROOT = /;
				GCC_DYNAMIC_NO_PIC = NO;
				GCC_OPTIMIZATION_LEVEL = 0;
				GCC_PREPROCESSOR_DEFINITIONS = (
					"_DEBUG=1",
					"DEBUG=1",
					"JUCER_XCODE_MAC_F6D2F4CF=1",
					"JUCE_APP_VERSION=1.0.3",
					"JUCE_APP_VERSION_HEX=0x10003",
					"JucePlugin_Build_VST=1",
					"JucePlugin_Build_VST3=0",
					"JucePlugin_Build_AU=0",
					"JucePlugin_Build_AUv3=0",
					"JucePlugin_Build_RTAS=0",
					"JucePlugin_Build_AAX=0",
					"JucePlugin_Build_Standalone=0", );
				GCC_VERSION = com.apple.compilers.llvm.clang.1_0;
				GENERATE_PKGINFO_FILE = YES;
				HEADER_SEARCH_PATHS = ("../../VST3_SDK", "../../JuceLibraryCode", "../../JuceLibraryCode/modules", "../../Include", "../../JuceLibraryCode/modules/juce_audio_plugin_client", "$(inherited)");
				INFOPLIST_FILE = Info-VST.plist;
				INFOPLIST_PREPROCESS = NO;
				INSTALL_PATH = "$(BUILD_DIR)/$(CONFIGURATION)";
				LIBRARY_STYLE = Bundle;
				MACOSX_DEPLOYMENT_TARGET = 10.9;
				MACOSX_DEPLOYMENT_TARGET_ppc = 10.4;
				OTHER_LDFLAGS = "-bundle -lTemper";
				PRODUCT_BUNDLE_IDENTIFIER = com.creativeintent.temper;
				SDKROOT_ppc = macosx10.5;
				USE_HEADERMAP = NO;
				WRAPPER_EXTENSION = vst; }; name = Debug; };
		149F966C3EF21DFC25242E76 = {isa = XCBuildConfiguration; buildSettings = {
				ARCHS = "$(ARCHS_STANDARD_32_64_BIT)";
				CLANG_CXX_LANGUAGE_STANDARD = "c++14";
				CLANG_LINK_OBJC_RUNTIME = NO;
				COMBINE_HIDPI_IMAGES = YES;
				CONFIGURATION_BUILD_DIR = "$(PROJECT_DIR)/build/$(CONFIGURATION)";
				DEAD_CODE_STRIPPING = YES;
				DEPLOYMENT_LOCATION = YES;
				DSTROOT = /;
				GCC_GENERATE_DEBUGGING_SYMBOLS = NO;
				GCC_OPTIMIZATION_LEVEL = 3;
				GCC_PREPROCESSOR_DEFINITIONS = (
					"_NDEBUG=1",
					"NDEBUG=1",
					"JUCER_XCODE_MAC_F6D2F4CF=1",
					"JUCE_APP_VERSION=1.0.3",
					"JUCE_APP_VERSION_HEX=0x10003",
					"JucePlugin_Build_VST=1",
					"JucePlugin_Build_VST3=0",
					"JucePlugin_Build_AU=0",
					"JucePlugin_Build_AUv3=0",
					"JucePlugin_Build_RTAS=0",
					"JucePlugin_Build_AAX=0",
					"JucePlugin_Build_Standalone=0", );
				GCC_SYMBOLS_PRIVATE_EXTERN = YES;
				GCC_VERSION = com.apple.compilers.llvm.clang.1_0;
				GENERATE_PKGINFO_FILE = YES;
				HEADER_SEARCH_PATHS = ("../../VST3_SDK", "../../JuceLibraryCode", "../../JuceLibraryCode/modules", "../../Include", "../../JuceLibraryCode/modules/juce_audio_plugin_client", "$(inherited)");
				INFOPLIST_FILE = Info-VST.plist;
				INFOPLIST_PREPROCESS = NO;
				INSTALL_PATH = "$(BUILD_DIR)/$(CONFIGURATION)";
				LIBRARY_STYLE = Bundle;
				LLVM_LTO = YES;
				MACOSX_DEPLOYMENT_TARGET = 10.9;
				MACOSX_DEPLOYMENT_TARGET_ppc = 10.4;
				OTHER_LDFLAGS = "-bundle -lTemper";
				PRODUCT_BUNDLE_IDENTIFIER = com.creativeintent.temper;
				SDKROOT_ppc = macosx10.5;
				USE_HEADERMAP = NO;
				WRAPPER_EXTENSION = vst; }; name = Release; };
		34EC70CEAF046ADDCB554E68 = {isa = XCBuildConfiguration; buildSettings = {
				ARCHS = "$(ARCHS_STANDARD_32_64_BIT)";
				CLANG_CXX_LANGUAGE_STANDARD = "c++14";
				CLANG_LINK_OBJC_RUNTIME = NO;
				COMBINE_HIDPI_IMAGES = YES;
				CONFIGURATION_BUILD_DIR = "$(PROJECT_DIR)/build/$(CONFIGURATION)";
				DEAD_CODE_STRIPPING = YES;
				DEPLOYMENT_LOCATION = YES;
				DSTROOT = /;
				GCC_GENERATE_DEBUGGING_SYMBOLS = NO;
				GCC_OPTIMIZATION_LEVEL = 3;
				GCC_PREPROCESSOR_DEFINITIONS = (
					"_NDEBUG=1",
					"NDEBUG=1",
					"TEMPER_DEMO_BUILD=1",
					"JUCER_XCODE_MAC_F6D2F4CF=1",
					"JUCE_APP_VERSION=1.0.3",
					"JUCE_APP_VERSION_HEX=0x10003",
					"JucePlugin_Build_VST=1",
					"JucePlugin_Build_VST3=0",
					"JucePlugin_Build_AU=0",
					"JucePlugin_Build_AUv3=0",
					"JucePlugin_Build_RTAS=0",
					"JucePlugin_Build_AAX=0",
					"JucePlugin_Build_Standalone=0", );
				GCC_SYMBOLS_PRIVATE_EXTERN = YES;
				GCC_VERSION = com.apple.compilers.llvm.clang.1_0;
				GENERATE_PKGINFO_FILE = YES;
				HEADER_SEARCH_PATHS = ("../../VST3_SDK", "../../JuceLibraryCode", "../../JuceLibraryCode/modules", "../../Include", "../../JuceLibraryCode/modules/juce_audio_plugin_client", "$(inherited)");
				INFOPLIST_FILE = Info-VST.plist;
				INFOPLIST_PREPROCESS = NO;
				INSTALL_PATH = "$(BUILD_DIR)/$(CONFIGURATION)";
				LIBRARY_STYLE = Bundle;
				LLVM_LTO = YES;
				MACOSX_DEPLOYMENT_TARGET = 10.9;
				MACOSX_DEPLOYMENT_TARGET_ppc = 10.4;
				OTHER_LDFLAGS = "-bundle -lTemper\\ (Demo)";
				PRODUCT_BUNDLE_IDENTIFIER = com.creativeintent.temper;
				SDKROOT_ppc = macosx10.5;
				USE_HEADERMAP = NO;
				WRAPPER_EXTENSION = vst; }; name = Demo; };
		BB20A7A862DDF30947CA24ED = {isa = XCBuildConfiguration; buildSettings = {
				ARCHS = "$(ARCHS_STANDARD_32_64_BIT)";
				CLANG_CXX_LANGUAGE_STANDARD = "c++14";
				CLANG_LINK_OBJC_RUNTIME = NO;
				COMBINE_HIDPI_IMAGES = YES;
				CONFIGURATION_BUILD_DIR = "$(PROJECT_DIR)/build/$(CONFIGURATION)";
				COPY_PHASE_STRIP = NO;
				DEPLOYMENT_LOCATION = YES;
				DSTROOT = /;
				GCC_DYNAMIC_NO_PIC = NO;
				GCC_OPTIMIZATION_LEVEL = 0;
				GCC_PREPROCESSOR_DEFINITIONS = (
					"_DEBUG=1",
					"DEBUG=1",
					"JUCER_XCODE_MAC_F6D2F4CF=1",
					"JUCE_APP_VERSION=1.0.3",
					"JUCE_APP_VERSION_HEX=0x10003",
					"JucePlugin_Build_VST=0",
					"JucePlugin_Build_VST3=1",
					"JucePlugin_Build_AU=0",
					"JucePlugin_Build_AUv3=0",
					"JucePlugin_Build_RTAS=0",
					"JucePlugin_Build_AAX=0",
					"JucePlugin_Build_Standalone=0", );
				GCC_VERSION = com.apple.compilers.llvm.clang.1_0;
				GENERATE_PKGINFO_FILE = YES;
				HEADER_SEARCH_PATHS = ("../../VST3_SDK", "../../JuceLibraryCode", "../../JuceLibraryCode/modules", "../../Include", "../../JuceLibraryCode/modules/juce_audio_plugin_client", "$(inherited)");
				INFOPLIST_FILE = Info-VST3.plist;
				INFOPLIST_PREPROCESS = NO;
				INSTALL_PATH = "$(BUILD_DIR)/$(CONFIGURATION)";
				LIBRARY_STYLE = Bundle;
				MACOSX_DEPLOYMENT_TARGET = 10.9;
				MACOSX_DEPLOYMENT_TARGET_ppc = 10.4;
				OTHER_LDFLAGS = "-bundle -lTemper";
				PRODUCT_BUNDLE_IDENTIFIER = com.creativeintent.temper;
				SDKROOT_ppc = macosx10.5;
				USE_HEADERMAP = NO;
				WRAPPER_EXTENSION = vst3; }; name = Debug; };
		552BE47D98F05E7E2A1BE1E5 = {isa = XCBuildConfiguration; buildSettings = {
				ARCHS = "$(ARCHS_STANDARD_32_64_BIT)";
				CLANG_CXX_LANGUAGE_STANDARD = "c++14";
				CLANG_LINK_OBJC_RUNTIME = NO;
				COMBINE_HIDPI_IMAGES = YES;
				CONFIGURATION_BUILD_DIR = "$(PROJECT_DIR)/build/$(CONFIGURATION)";
				DEAD_CODE_STRIPPING = YES;
				DEPLOYMENT_LOCATION = YES;
				DSTROOT = /;
				GCC_GENERATE_DEBUGGING_SYMBOLS = NO;
				GCC_OPTIMIZATION_LEVEL = 3;
				GCC_PREPROCESSOR_DEFINITIONS = (
					"_NDEBUG=1",
					"NDEBUG=1",
					"JUCER_XCODE_MAC_F6D2F4CF=1",
					"JUCE_APP_VERSION=1.0.3",
					"JUCE_APP_VERSION_HEX=0x10003",
					"JucePlugin_Build_VST=0",
					"JucePlugin_Build_VST3=1",
					"JucePlugin_Build_AU=0",
					"JucePlugin_Build_AUv3=0",
					"JucePlugin_Build_RTAS=0",
					"JucePlugin_Build_AAX=0",
					"JucePlugin_Build_Standalone=0", );
				GCC_SYMBOLS_PRIVATE_EXTERN = YES;
				GCC_VERSION = com.apple.compilers.llvm.clang.1_0;
				GENERATE_PKGINFO_FILE = YES;
				HEADER_SEARCH_PATHS = ("../../VST3_SDK", "../../JuceLibraryCode", "../../JuceLibraryCode/modules", "../../Include", "../../JuceLibraryCode/modules/juce_audio_plugin_client", "$(inherited)");
				INFOPLIST_FILE = Info-VST3.plist;
				INFOPLIST_PREPROCESS = NO;
				INSTALL_PATH = "$(BUILD_DIR)/$(CONFIGURATION)";
				LIBRARY_STYLE = Bundle;
				LLVM_LTO = YES;
				MACOSX_DEPLOYMENT_TARGET = 10.9;
				MACOSX_DEPLOYMENT_TARGET_ppc = 10.4;
				OTHER_LDFLAGS = "-bundle -lTemper";
				PRODUCT_BUNDLE_IDENTIFIER = com.creativeintent.temper;
				SDKROOT_ppc = macosx10.5;
				USE_HEADERMAP = NO;
				WRAPPER_EXTENSION = vst3; }; name = Release; };
		48C2A0C89EB5B272FB1A3BE4 = {isa = XCBuildConfiguration; buildSettings = {
				ARCHS = "$(ARCHS_STANDARD_32_64_BIT)";
				CLANG_CXX_LANGUAGE_STANDARD = "c++14";
				CLANG_LINK_OBJC_RUNTIME = NO;
				COMBINE_HIDPI_IMAGES = YES;
				CONFIGURATION_BUILD_DIR = "$(PROJECT_DIR)/build/$(CONFIGURATION)";
				DEAD_CODE_STRIPPING = YES;
				DEPLOYMENT_LOCATION = YES;
				DSTROOT = /;
				GCC_GENERATE_DEBUGGING_SYMBOLS = NO;
				GCC_OPTIMIZATION_LEVEL = 3;
				GCC_PREPROCESSOR_DEFINITIONS = (
					"_NDEBUG=1",
					"NDEBUG=1",
					"TEMPER_DEMO_BUILD=1",
					"JUCER_XCODE_MAC_F6D2F4CF=1",
					"JUCE_APP_VERSION=1.0.3",
					"JUCE_APP_VERSION_HEX=0x10003",
					"JucePlugin_Build_VST=0",
					"JucePlugin_Build_VST3=1",
					"JucePlugin_Build_AU=0",
					"JucePlugin_Build_AUv3=0",
					"JucePlugin_Build_RTAS=0",
					"JucePlugin_Build_AAX=0",
					"JucePlugin_Build_Standalone=0", );
				GCC_SYMBOLS_PRIVATE_EXTERN = YES;
				GCC_VERSION = com.apple.compilers.llvm.clang.1_0;
				GENERATE_PKGINFO_FILE = YES;
				HEADER_SEARCH_PATHS = ("../../VST3_SDK", "../../JuceLibraryCode", "../../JuceLibraryCode/modules", "../../Include", "../../JuceLibraryCode/modules/juce_audio_plugin_client", "$(inherited)");
				INFOPLIST_FILE = Info-VST3.plist;
				INFOPLIST_PREPROCESS = NO;
				INSTALL_PATH = "$(BUILD_DIR)/$(CONFIGURATION)";
				LIBRARY_STYLE = Bundle;
				LLVM_LTO = YES;
				MACOSX_DEPLOYMENT_TARGET = 10.9;
				MACOSX_DEPLOYMENT_TARGET_ppc = 10.4;
				OTHER_LDFLAGS = "-bundle -lTemper\\ (Demo)";
				PRODUCT_BUNDLE_IDENTIFIER = com.creativeintent.temper;
				SDKROOT_ppc = macosx10.5;
				USE_HEADERMAP = NO;
				WRAPPER_EXTENSION = vst3; }; name = Demo; };
		51D636E6D50164DCD40BB553 = {isa = XCBuildConfiguration; buildSettings = {
				ARCHS = "$(ARCHS_STANDARD_32_64_BIT)";
				CLANG_CXX_LANGUAGE_STANDARD = "c++14";
				CLANG_LINK_OBJC_RUNTIME = NO;
				COMBINE_HIDPI_IMAGES = YES;
				CONFIGURATION_BUILD_DIR = "$(PROJECT_DIR)/build/$(CONFIGURATION)";
				COPY_PHASE_STRIP = NO;
				DEPLOYMENT_LOCATION = YES;
				DSTROOT = /;
				GCC_DYNAMIC_NO_PIC = NO;
				GCC_OPTIMIZATION_LEVEL = 0;
				GCC_PREPROCESSOR_DEFINITIONS = (
					"_DEBUG=1",
					"DEBUG=1",
					"JUCER_XCODE_MAC_F6D2F4CF=1",
					"JUCE_APP_VERSION=1.0.3",
					"JUCE_APP_VERSION_HEX=0x10003",
					"JucePlugin_Build_VST=0",
					"JucePlugin_Build_VST3=0",
					"JucePlugin_Build_AU=1",
					"JucePlugin_Build_AUv3=0",
					"JucePlugin_Build_RTAS=0",
					"JucePlugin_Build_AAX=0",
					"JucePlugin_Build_Standalone=0", );
				GCC_VERSION = com.apple.compilers.llvm.clang.1_0;
				GENERATE_PKGINFO_FILE = YES;
				HEADER_SEARCH_PATHS = ("../../VST3_SDK", "../../JuceLibraryCode", "../../JuceLibraryCode/modules", "../../Include", "../../JuceLibraryCode/modules/juce_audio_plugin_client", "$(inherited)");
				INFOPLIST_FILE = Info-AU.plist;
				INFOPLIST_PREPROCESS = NO;
				INSTALL_PATH = "$(BUILD_DIR)/$(CONFIGURATION)";
				LIBRARY_STYLE = Bundle;
				MACOSX_DEPLOYMENT_TARGET = 10.9;
				MACOSX_DEPLOYMENT_TARGET_ppc = 10.4;
				OTHER_LDFLAGS = "-bundle -lTemper";
				OTHER_REZFLAGS = "-d ppc_$ppc -d i386_$i386 -d ppc64_$ppc64 -d x86_64_$x86_64 -I /System/Library/Frameworks/CoreServices.framework/Frameworks/CarbonCore.framework/Versions/A/Headers -I \"$(DEVELOPER_DIR)/Extras/CoreAudio/AudioUnits/AUPublic/AUBase\"";
				PRODUCT_BUNDLE_IDENTIFIER = com.creativeintent.temper;
				SDKROOT_ppc = macosx10.5;
				USE_HEADERMAP = NO;
				WRAPPER_EXTENSION = component; }; name = Debug; };
		EE445B6674AB52157101266D = {isa = XCBuildConfiguration; buildSettings = {
				ARCHS = "$(ARCHS_STANDARD_32_64_BIT)";
				CLANG_CXX_LANGUAGE_STANDARD = "c++14";
				CLANG_LINK_OBJC_RUNTIME = NO;
				COMBINE_HIDPI_IMAGES = YES;
				CONFIGURATION_BUILD_DIR = "$(PROJECT_DIR)/build/$(CONFIGURATION)";
				DEAD_CODE_STRIPPING = YES;
				DEPLOYMENT_LOCATION = YES;
				DSTROOT = /;
				GCC_GENERATE_DEBUGGING_SYMBOLS = NO;
				GCC_OPTIMIZATION_LEVEL = 3;
				GCC_PREPROCESSOR_DEFINITIONS = (
					"_NDEBUG=1",
					"NDEBUG=1",
					"JUCER_XCODE_MAC_F6D2F4CF=1",
					"JUCE_APP_VERSION=1.0.3",
					"JUCE_APP_VERSION_HEX=0x10003",
					"JucePlugin_Build_VST=0",
					"JucePlugin_Build_VST3=0",
					"JucePlugin_Build_AU=1",
					"JucePlugin_Build_AUv3=0",
					"JucePlugin_Build_RTAS=0",
					"JucePlugin_Build_AAX=0",
					"JucePlugin_Build_Standalone=0", );
				GCC_SYMBOLS_PRIVATE_EXTERN = YES;
				GCC_VERSION = com.apple.compilers.llvm.clang.1_0;
				GENERATE_PKGINFO_FILE = YES;
				HEADER_SEARCH_PATHS = ("../../VST3_SDK", "../../JuceLibraryCode", "../../JuceLibraryCode/modules", "../../Include", "../../JuceLibraryCode/modules/juce_audio_plugin_client", "$(inherited)");
				INFOPLIST_FILE = Info-AU.plist;
				INFOPLIST_PREPROCESS = NO;
				INSTALL_PATH = "$(BUILD_DIR)/$(CONFIGURATION)";
				LIBRARY_STYLE = Bundle;
				LLVM_LTO = YES;
				MACOSX_DEPLOYMENT_TARGET = 10.9;
				MACOSX_DEPLOYMENT_TARGET_ppc = 10.4;
				OTHER_LDFLAGS = "-bundle -lTemper";
				OTHER_REZFLAGS = "-d ppc_$ppc -d i386_$i386 -d ppc64_$ppc64 -d x86_64_$x86_64 -I /System/Library/Frameworks/CoreServices.framework/Frameworks/CarbonCore.framework/Versions/A/Headers -I \"$(DEVELOPER_DIR)/Extras/CoreAudio/AudioUnits/AUPublic/AUBase\"";
				PRODUCT_BUNDLE_IDENTIFIER = com.creativeintent.temper;
				SDKROOT_ppc = macosx10.5;
				USE_HEADERMAP = NO;
				WRAPPER_EXTENSION = component; }; name = Release; };
		0653AFD32E461E60585D3F41 = {isa = XCBuildConfiguration; buildSettings = {
				ARCHS = "$(ARCHS_STANDARD_32_64_BIT)";
				CLANG_CXX_LANGUAGE_STANDARD = "c++14";
				CLANG_LINK_OBJC_RUNTIME = NO;
				COMBINE_HIDPI_IMAGES = YES;
				CONFIGURATION_BUILD_DIR = "$(PROJECT_DIR)/build/$(CONFIGURATION)";
				DEAD_CODE_STRIPPING = YES;
				DEPLOYMENT_LOCATION = YES;
				DSTROOT = /;
				GCC_GENERATE_DEBUGGING_SYMBOLS = NO;
				GCC_OPTIMIZATION_LEVEL = 3;
				GCC_PREPROCESSOR_DEFINITIONS = (
					"_NDEBUG=1",
					"NDEBUG=1",
					"TEMPER_DEMO_BUILD=1",
					"JUCER_XCODE_MAC_F6D2F4CF=1",
					"JUCE_APP_VERSION=1.0.3",
					"JUCE_APP_VERSION_HEX=0x10003",
					"JucePlugin_Build_VST=0",
					"JucePlugin_Build_VST3=0",
					"JucePlugin_Build_AU=1",
					"JucePlugin_Build_AUv3=0",
					"JucePlugin_Build_RTAS=0",
					"JucePlugin_Build_AAX=0",
					"JucePlugin_Build_Standalone=0", );
				GCC_SYMBOLS_PRIVATE_EXTERN = YES;
				GCC_VERSION = com.apple.compilers.llvm.clang.1_0;
				GENERATE_PKGINFO_FILE = YES;
				HEADER_SEARCH_PATHS = ("../../VST3_SDK", "../../JuceLibraryCode", "../../JuceLibraryCode/modules", "../../Include", "../../JuceLibraryCode/modules/juce_audio_plugin_client", "$(inherited)");
				INFOPLIST_FILE = Info-AU.plist;
				INFOPLIST_PREPROCESS = NO;
				INSTALL_PATH = "$(BUILD_DIR)/$(CONFIGURATION)";
				LIBRARY_STYLE = Bundle;
				LLVM_LTO = YES;
				MACOSX_DEPLOYMENT_TARGET = 10.9;
				MACOSX_DEPLOYMENT_TARGET_ppc = 10.4;
				OTHER_LDFLAGS = "-bundle -lTemper\\ (Demo)";
				OTHER_REZFLAGS = "-d ppc_$ppc -d i386_$i386 -d ppc64_$ppc64 -d x86_64_$x86_64 -I /System/Library/Frameworks/CoreServices.framework/Frameworks/CarbonCore.framework/Versions/A/Headers -I \"$(DEVELOPER_DIR)/Extras/CoreAudio/AudioUnits/AUPublic/AUBase\"";
				PRODUCT_BUNDLE_IDENTIFIER = com.creativeintent.temper;
				SDKROOT_ppc = macosx10.5;
				USE_HEADERMAP = NO;
				WRAPPER_EXTENSION = component; }; name = Demo; };
		B3463E7EB0C6F6B8B3CEB9F9 = {isa = XCBuildConfiguration; buildSettings = {
				ARCHS = "$(ARCHS_STANDARD_32_64_BIT)";
				CLANG_CXX_LANGUAGE_STANDARD = "c++14";
				CLANG_LINK_OBJC_RUNTIME = NO;
				COMBINE_HIDPI_IMAGES = YES;
				CONFIGURATION_BUILD_DIR = "$(PROJECT_DIR)/build/$(CONFIGURATION)";
				COPY_PHASE_STRIP = NO;
				GCC_DYNAMIC_NO_PIC = NO;
				GCC_OPTIMIZATION_LEVEL = 0;
				GCC_PREPROCESSOR_DEFINITIONS = (
					"_DEBUG=1",
					"DEBUG=1",
					"JUCER_XCODE_MAC_F6D2F4CF=1",
					"JUCE_APP_VERSION=1.0.3",
					"JUCE_APP_VERSION_HEX=0x10003",
					"JucePlugin_Build_VST=0",
					"JucePlugin_Build_VST3=0",
					"JucePlugin_Build_AU=0",
					"JucePlugin_Build_AUv3=0",
					"JucePlugin_Build_RTAS=0",
					"JucePlugin_Build_AAX=0",
					"JucePlugin_Build_Standalone=1", );
				GCC_VERSION = com.apple.compilers.llvm.clang.1_0;
				HEADER_SEARCH_PATHS = ("../../VST3_SDK", "../../JuceLibraryCode", "../../JuceLibraryCode/modules", "../../Include", "../../JuceLibraryCode/modules/juce_audio_plugin_client", "$(inherited)");
				INFOPLIST_FILE = Info-Standalone_Plugin.plist;
				INFOPLIST_PREPROCESS = NO;
				MACOSX_DEPLOYMENT_TARGET = 10.9;
				MACOSX_DEPLOYMENT_TARGET_ppc = 10.4;
				OTHER_LDFLAGS = "-lTemper";
				PRODUCT_BUNDLE_IDENTIFIER = com.creativeintent.temper;
				SDKROOT_ppc = macosx10.5;
				USE_HEADERMAP = NO; }; name = Debug; };
		8E12410EC2444CFE892522F2 = {isa = XCBuildConfiguration; buildSettings = {
				ARCHS = "$(ARCHS_STANDARD_32_64_BIT)";
				CLANG_CXX_LANGUAGE_STANDARD = "c++14";
				CLANG_LINK_OBJC_RUNTIME = NO;
				COMBINE_HIDPI_IMAGES = YES;
				CONFIGURATION_BUILD_DIR = "$(PROJECT_DIR)/build/$(CONFIGURATION)";
				DEAD_CODE_STRIPPING = YES;
				GCC_GENERATE_DEBUGGING_SYMBOLS = NO;
				GCC_OPTIMIZATION_LEVEL = 3;
				GCC_PREPROCESSOR_DEFINITIONS = (
					"_NDEBUG=1",
					"NDEBUG=1",
					"JUCER_XCODE_MAC_F6D2F4CF=1",
					"JUCE_APP_VERSION=1.0.3",
					"JUCE_APP_VERSION_HEX=0x10003",
					"JucePlugin_Build_VST=0",
					"JucePlugin_Build_VST3=0",
					"JucePlugin_Build_AU=0",
					"JucePlugin_Build_AUv3=0",
					"JucePlugin_Build_RTAS=0",
					"JucePlugin_Build_AAX=0",
					"JucePlugin_Build_Standalone=1", );
				GCC_SYMBOLS_PRIVATE_EXTERN = YES;
				GCC_VERSION = com.apple.compilers.llvm.clang.1_0;
				HEADER_SEARCH_PATHS = ("../../VST3_SDK", "../../JuceLibraryCode", "../../JuceLibraryCode/modules", "../../Include", "../../JuceLibraryCode/modules/juce_audio_plugin_client", "$(inherited)");
				INFOPLIST_FILE = Info-Standalone_Plugin.plist;
				INFOPLIST_PREPROCESS = NO;
				LLVM_LTO = YES;
				MACOSX_DEPLOYMENT_TARGET = 10.9;
				MACOSX_DEPLOYMENT_TARGET_ppc = 10.4;
				OTHER_LDFLAGS = "-lTemper";
				PRODUCT_BUNDLE_IDENTIFIER = com.creativeintent.temper;
				SDKROOT_ppc = macosx10.5;
				USE_HEADERMAP = NO; }; name = Release; };
		7C721E226241FBB4FB038A8E = {isa = XCBuildConfiguration; buildSettings = {
				ARCHS = "$(ARCHS_STANDARD_32_64_BIT)";
				CLANG_CXX_LANGUAGE_STANDARD = "c++14";
				CLANG_LINK_OBJC_RUNTIME = NO;
				COMBINE_HIDPI_IMAGES = YES;
				CONFIGURATION_BUILD_DIR = "$(PROJECT_DIR)/build/$(CONFIGURATION)";
				DEAD_CODE_STRIPPING = YES;
				GCC_GENERATE_DEBUGGING_SYMBOLS = NO;
				GCC_OPTIMIZATION_LEVEL = 3;
				GCC_PREPROCESSOR_DEFINITIONS = (
					"_NDEBUG=1",
					"NDEBUG=1",
					"TEMPER_DEMO_BUILD=1",
					"JUCER_XCODE_MAC_F6D2F4CF=1",
					"JUCE_APP_VERSION=1.0.3",
					"JUCE_APP_VERSION_HEX=0x10003",
					"JucePlugin_Build_VST=0",
					"JucePlugin_Build_VST3=0",
					"JucePlugin_Build_AU=0",
					"JucePlugin_Build_AUv3=0",
					"JucePlugin_Build_RTAS=0",
					"JucePlugin_Build_AAX=0",
					"JucePlugin_Build_Standalone=1", );
				GCC_SYMBOLS_PRIVATE_EXTERN = YES;
				GCC_VERSION = com.apple.compilers.llvm.clang.1_0;
				HEADER_SEARCH_PATHS = ("../../VST3_SDK", "../../JuceLibraryCode", "../../JuceLibraryCode/modules", "../../Include", "../../JuceLibraryCode/modules/juce_audio_plugin_client", "$(inherited)");
				INFOPLIST_FILE = Info-Standalone_Plugin.plist;
				INFOPLIST_PREPROCESS = NO;
				LLVM_LTO = YES;
				MACOSX_DEPLOYMENT_TARGET = 10.9;
				MACOSX_DEPLOYMENT_TARGET_ppc = 10.4;
				OTHER_LDFLAGS = "-lTemper\\ (Demo)";
				PRODUCT_BUNDLE_IDENTIFIER = com.creativeintent.temper;
				SDKROOT_ppc = macosx10.5;
				USE_HEADERMAP = NO; }; name = Demo; };
		8F02B3FB70199C61B246690E = {isa = XCBuildConfiguration; buildSettings = {
				ARCHS = "$(ARCHS_STANDARD_32_64_BIT)";
				CLANG_CXX_LANGUAGE_STANDARD = "c++14";
				CLANG_LINK_OBJC_RUNTIME = NO;
				COMBINE_HIDPI_IMAGES = YES;
				CONFIGURATION_BUILD_DIR = "$(PROJECT_DIR)/build/$(CONFIGURATION)";
				COPY_PHASE_STRIP = NO;
				GCC_DYNAMIC_NO_PIC = NO;
				GCC_OPTIMIZATION_LEVEL = 0;
				GCC_PREPROCESSOR_DEFINITIONS = (
					"_DEBUG=1",
					"DEBUG=1",
					"JUCER_XCODE_MAC_F6D2F4CF=1",
					"JUCE_APP_VERSION=1.0.3",
					"JUCE_APP_VERSION_HEX=0x10003",
					"JucePlugin_Build_VST=1",
					"JucePlugin_Build_VST3=1",
					"JucePlugin_Build_AU=1",
					"JucePlugin_Build_AUv3=0",
					"JucePlugin_Build_RTAS=0",
					"JucePlugin_Build_AAX=0",
					"JucePlugin_Build_Standalone=1",
					"JUCE_SHARED_CODE=1", );
				GCC_VERSION = com.apple.compilers.llvm.clang.1_0;
				HEADER_SEARCH_PATHS = ("../../VST3_SDK", "../../JuceLibraryCode", "../../JuceLibraryCode/modules", "../../Include", "../../JuceLibraryCode/modules/juce_audio_plugin_client", "$(inherited)");
				INSTALL_PATH = "@executable_path/../Frameworks";
				MACOSX_DEPLOYMENT_TARGET = 10.9;
				MACOSX_DEPLOYMENT_TARGET_ppc = 10.4;
				PRODUCT_BUNDLE_IDENTIFIER = com.creativeintent.temper;
				SDKROOT_ppc = macosx10.5;
				USE_HEADERMAP = NO; }; name = Debug; };
		B705C6672E96DCA45E3645EA = {isa = XCBuildConfiguration; buildSettings = {
				ARCHS = "$(ARCHS_STANDARD_32_64_BIT)";
				CLANG_CXX_LANGUAGE_STANDARD = "c++14";
				CLANG_LINK_OBJC_RUNTIME = NO;
				COMBINE_HIDPI_IMAGES = YES;
				CONFIGURATION_BUILD_DIR = "$(PROJECT_DIR)/build/$(CONFIGURATION)";
				DEAD_CODE_STRIPPING = YES;
				GCC_GENERATE_DEBUGGING_SYMBOLS = NO;
				GCC_OPTIMIZATION_LEVEL = 3;
				GCC_PREPROCESSOR_DEFINITIONS = (
					"_NDEBUG=1",
					"NDEBUG=1",
					"JUCER_XCODE_MAC_F6D2F4CF=1",
					"JUCE_APP_VERSION=1.0.3",
					"JUCE_APP_VERSION_HEX=0x10003",
					"JucePlugin_Build_VST=1",
					"JucePlugin_Build_VST3=1",
					"JucePlugin_Build_AU=1",
					"JucePlugin_Build_AUv3=0",
					"JucePlugin_Build_RTAS=0",
					"JucePlugin_Build_AAX=0",
					"JucePlugin_Build_Standalone=1",
					"JUCE_SHARED_CODE=1", );
				GCC_SYMBOLS_PRIVATE_EXTERN = YES;
				GCC_VERSION = com.apple.compilers.llvm.clang.1_0;
				HEADER_SEARCH_PATHS = ("../../VST3_SDK", "../../JuceLibraryCode", "../../JuceLibraryCode/modules", "../../Include", "../../JuceLibraryCode/modules/juce_audio_plugin_client", "$(inherited)");
				INSTALL_PATH = "@executable_path/../Frameworks";
				LLVM_LTO = YES;
				MACOSX_DEPLOYMENT_TARGET = 10.9;
				MACOSX_DEPLOYMENT_TARGET_ppc = 10.4;
				PRODUCT_BUNDLE_IDENTIFIER = com.creativeintent.temper;
				SDKROOT_ppc = macosx10.5;
				USE_HEADERMAP = NO; }; name = Release; };
		BFB4F18F1645324BD3D4A03E = {isa = XCBuildConfiguration; buildSettings = {
				ARCHS = "$(ARCHS_STANDARD_32_64_BIT)";
				CLANG_CXX_LANGUAGE_STANDARD = "c++14";
				CLANG_LINK_OBJC_RUNTIME = NO;
				COMBINE_HIDPI_IMAGES = YES;
				CONFIGURATION_BUILD_DIR = "$(PROJECT_DIR)/build/$(CONFIGURATION)";
				DEAD_CODE_STRIPPING = YES;
				GCC_GENERATE_DEBUGGING_SYMBOLS = NO;
				GCC_OPTIMIZATION_LEVEL = 3;
				GCC_PREPROCESSOR_DEFINITIONS = (
					"_NDEBUG=1",
					"NDEBUG=1",
					"TEMPER_DEMO_BUILD=1",
					"JUCER_XCODE_MAC_F6D2F4CF=1",
					"JUCE_APP_VERSION=1.0.3",
					"JUCE_APP_VERSION_HEX=0x10003",
					"JucePlugin_Build_VST=1",
					"JucePlugin_Build_VST3=1",
					"JucePlugin_Build_AU=1",
					"JucePlugin_Build_AUv3=0",
					"JucePlugin_Build_RTAS=0",
					"JucePlugin_Build_AAX=0",
					"JucePlugin_Build_Standalone=1",
					"JUCE_SHARED_CODE=1", );
				GCC_SYMBOLS_PRIVATE_EXTERN = YES;
				GCC_VERSION = com.apple.compilers.llvm.clang.1_0;
				HEADER_SEARCH_PATHS = ("../../VST3_SDK", "../../JuceLibraryCode", "../../JuceLibraryCode/modules", "../../Include", "../../JuceLibraryCode/modules/juce_audio_plugin_client", "$(inherited)");
				INSTALL_PATH = "@executable_path/../Frameworks";
				LLVM_LTO = YES;
				MACOSX_DEPLOYMENT_TARGET = 10.9;
				MACOSX_DEPLOYMENT_TARGET_ppc = 10.4;
				PRODUCT_BUNDLE_IDENTIFIER = com.creativeintent.temper;
				SDKROOT_ppc = macosx10.5;
				USE_HEADERMAP = NO; }; name = Demo; };
		DC54FEFECC7EE960E754B824 = {isa = XCBuildConfiguration; buildSettings = {
				ALWAYS_SEARCH_USER_PATHS = NO;
				CLANG_WARN_BLOCK_CAPTURE_AUTORELEASING = YES;
				CLANG_WARN_BOOL_CONVERSION = YES;
				CLANG_WARN_COMMA = YES;
				CLANG_WARN_CONSTANT_CONVERSION = YES;
				CLANG_WARN_EMPTY_BODY = YES;
				CLANG_WARN_ENUM_CONVERSION = YES;
				CLANG_WARN_INFINITE_RECURSION = YES;
				CLANG_WARN_INT_CONVERSION = YES;
				CLANG_WARN_NON_LITERAL_NULL_CONVERSION = YES;
				CLANG_WARN_OBJC_LITERAL_CONVERSION = YES;
				CLANG_WARN_RANGE_LOOP_ANALYSIS = YES;
				CLANG_WARN_STRICT_PROTOTYPES = YES;
				CLANG_WARN_SUSPICIOUS_MOVE = YES;
				CLANG_WARN_UNREACHABLE_CODE = YES;
				CLANG_WARN__DUPLICATE_METHOD_MATCH = YES;
				DEBUG_INFORMATION_FORMAT = "dwarf";
				ENABLE_STRICT_OBJC_MSGSEND = YES;
				ENABLE_TESTABILITY = YES;
				GCC_C_LANGUAGE_STANDARD = c11;
				GCC_INLINES_ARE_PRIVATE_EXTERN = YES;
				GCC_MODEL_TUNING = G5;
				GCC_NO_COMMON_BLOCKS = YES;
				GCC_WARN_64_TO_32_BIT_CONVERSION = YES;
				GCC_WARN_ABOUT_RETURN_TYPE = YES;
				GCC_WARN_CHECK_SWITCH_STATEMENTS = YES;
				GCC_WARN_MISSING_PARENTHESES = YES;
				GCC_WARN_NON_VIRTUAL_DESTRUCTOR = YES;
				GCC_WARN_TYPECHECK_CALLS_TO_PRINTF = YES;
				GCC_WARN_UNDECLARED_SELECTOR = YES;
				GCC_WARN_UNINITIALIZED_AUTOS = YES;
				GCC_WARN_UNUSED_FUNCTION = YES;
				GCC_WARN_UNUSED_VARIABLE = YES;
				PRODUCT_NAME = "Temper";
				WARNING_CFLAGS = -Wreorder;
				ZERO_LINK = NO; }; name = Debug; };
		51B52684D34AD98BE008AE8C = {isa = XCBuildConfiguration; buildSettings = {
				ALWAYS_SEARCH_USER_PATHS = NO;
				CLANG_WARN_BLOCK_CAPTURE_AUTORELEASING = YES;
				CLANG_WARN_BOOL_CONVERSION = YES;
				CLANG_WARN_COMMA = YES;
				CLANG_WARN_CONSTANT_CONVERSION = YES;
				CLANG_WARN_EMPTY_BODY = YES;
				CLANG_WARN_ENUM_CONVERSION = YES;
				CLANG_WARN_INFINITE_RECURSION = YES;
				CLANG_WARN_INT_CONVERSION = YES;
				CLANG_WARN_NON_LITERAL_NULL_CONVERSION = YES;
				CLANG_WARN_OBJC_LITERAL_CONVERSION = YES;
				CLANG_WARN_RANGE_LOOP_ANALYSIS = YES;
				CLANG_WARN_STRICT_PROTOTYPES = YES;
				CLANG_WARN_SUSPICIOUS_MOVE = YES;
				CLANG_WARN_UNREACHABLE_CODE = YES;
				CLANG_WARN__DUPLICATE_METHOD_MATCH = YES;
				DEBUG_INFORMATION_FORMAT = "dwarf";
				ENABLE_STRICT_OBJC_MSGSEND = YES;
				GCC_C_LANGUAGE_STANDARD = c11;
				GCC_INLINES_ARE_PRIVATE_EXTERN = YES;
				GCC_MODEL_TUNING = G5;
				GCC_NO_COMMON_BLOCKS = YES;
				GCC_WARN_64_TO_32_BIT_CONVERSION = YES;
				GCC_WARN_ABOUT_RETURN_TYPE = YES;
				GCC_WARN_CHECK_SWITCH_STATEMENTS = YES;
				GCC_WARN_MISSING_PARENTHESES = YES;
				GCC_WARN_NON_VIRTUAL_DESTRUCTOR = YES;
				GCC_WARN_TYPECHECK_CALLS_TO_PRINTF = YES;
				GCC_WARN_UNDECLARED_SELECTOR = YES;
				GCC_WARN_UNINITIALIZED_AUTOS = YES;
				GCC_WARN_UNUSED_FUNCTION = YES;
				GCC_WARN_UNUSED_VARIABLE = YES;
				PRODUCT_NAME = "Temper";
				WARNING_CFLAGS = -Wreorder;
				ZERO_LINK = NO; }; name = Release; };
		729619C61C81AE021832EB20 = {isa = XCBuildConfiguration; buildSettings = {
				ALWAYS_SEARCH_USER_PATHS = NO;
				CLANG_WARN_BLOCK_CAPTURE_AUTORELEASING = YES;
				CLANG_WARN_BOOL_CONVERSION = YES;
				CLANG_WARN_COMMA = YES;
				CLANG_WARN_CONSTANT_CONVERSION = YES;
				CLANG_WARN_EMPTY_BODY = YES;
				CLANG_WARN_ENUM_CONVERSION = YES;
				CLANG_WARN_INFINITE_RECURSION = YES;
				CLANG_WARN_INT_CONVERSION = YES;
				CLANG_WARN_NON_LITERAL_NULL_CONVERSION = YES;
				CLANG_WARN_OBJC_LITERAL_CONVERSION = YES;
				CLANG_WARN_RANGE_LOOP_ANALYSIS = YES;
				CLANG_WARN_STRICT_PROTOTYPES = YES;
				CLANG_WARN_SUSPICIOUS_MOVE = YES;
				CLANG_WARN_UNREACHABLE_CODE = YES;
				CLANG_WARN__DUPLICATE_METHOD_MATCH = YES;
				DEBUG_INFORMATION_FORMAT = "dwarf";
				ENABLE_STRICT_OBJC_MSGSEND = YES;
				GCC_C_LANGUAGE_STANDARD = c11;
				GCC_INLINES_ARE_PRIVATE_EXTERN = YES;
				GCC_MODEL_TUNING = G5;
				GCC_NO_COMMON_BLOCKS = YES;
				GCC_WARN_64_TO_32_BIT_CONVERSION = YES;
				GCC_WARN_ABOUT_RETURN_TYPE = YES;
				GCC_WARN_CHECK_SWITCH_STATEMENTS = YES;
				GCC_WARN_MISSING_PARENTHESES = YES;
				GCC_WARN_NON_VIRTUAL_DESTRUCTOR = YES;
				GCC_WARN_TYPECHECK_CALLS_TO_PRINTF = YES;
				GCC_WARN_UNDECLARED_SELECTOR = YES;
				GCC_WARN_UNINITIALIZED_AUTOS = YES;
				GCC_WARN_UNUSED_FUNCTION = YES;
				GCC_WARN_UNUSED_VARIABLE = YES;
				PRODUCT_NAME = "Temper (Demo)";
				WARNING_CFLAGS = -Wreorder;
				ZERO_LINK = NO; }; name = Demo; };
		6EF46BEEB6961E85FE3E778A = {isa = PBXTargetDependency; target = EFB06C11706FA2BED72C0177; };
		4A9EE988B3731B0E78C7F6EF = {isa = PBXTargetDependency; target = C4D91950F59C6AC78BBE99D9; };
		1C26FAA488863CF312B1CE9F = {isa = PBXTargetDependency; target = 78A0F1CBC813E0CDBA206E64; };
		B89C1BC467892DF12D5BECDB = {isa = PBXTargetDependency; target = B4FFFFFD24A70BAECA79D226; };
		BDECFAD9F9178C805ECF040C = {isa = PBXTargetDependency; target = B7EF72187EFCA6F380E6881C; };
		E3D10272E9BD334B9AC87536 = {isa = XCConfigurationList; buildConfigurations = (
					DC54FEFECC7EE960E754B824,
					51B52684D34AD98BE008AE8C,
					729619C61C81AE021832EB20, ); defaultConfigurationIsVisible = 0; defaultConfigurationName = Debug; };
		C256B4ADC5A4B7C840FAB917 = {isa = XCConfigurationList; buildConfigurations = (
					C7002CCFFE56C8F1B385BDA7,
					D652EDE4F3E5F7F37B76225A,
					992799EC591C91E642CD3D65, ); defaultConfigurationIsVisible = 0; defaultConfigurationName = Debug; };
		2BEC471FAEF6D07D8826CB28 = {isa = PBXAggregateTarget; buildConfigurationList = C256B4ADC5A4B7C840FAB917; buildPhases = (  ); buildRules = ( ); dependencies = (
					6EF46BEEB6961E85FE3E778A,
					4A9EE988B3731B0E78C7F6EF,
					1C26FAA488863CF312B1CE9F,
					B89C1BC467892DF12D5BECDB,
					BDECFAD9F9178C805ECF040C, ); name = "Temper - All"; productName = Temper; };
		2B4B8962A4E44E38B04ED195 = {isa = XCConfigurationList; buildConfigurations = (
					037777277548B3E4413ECEF1,
					149F966C3EF21DFC25242E76,
					34EC70CEAF046ADDCB554E68, ); defaultConfigurationIsVisible = 0; defaultConfigurationName = Debug; };
		433E22463C7FB20A34E42C96 = {isa = PBXResourcesBuildPhase; buildActionMask = 2147483647; files = (
					D9997560B40DD7D50FA3E9A0, ); runOnlyForDeploymentPostprocessing = 0; };
		C7DBA2ED2AAB16409521B539 = {isa = PBXSourcesBuildPhase; buildActionMask = 2147483647; files = (
					E8CDF6E5A8E80EB92013DBFE, ); runOnlyForDeploymentPostprocessing = 0; };
		8A0947884E4255028FEBC1BF = {isa = PBXFrameworksBuildPhase; buildActionMask = 2147483647; files = (
					79FECC7AD35E7CD7C30569E3,
					61AD7A33F376FB4318E4F7AF,
					B19EF2739AFA3DDA44EA7526,
					C3B45D6C33FC8D2DFFAFD911,
					08B71F44034B3235DC256506,
					26DDC2E8A87CED2C233559FF,
					5B7726FEB45B778ABED69629,
					1CDB95CBF8A78E121703AABD,
					3C0CF21B9D661657A7DBB61D,
					5AA57ADA8E950DE1913F8074,
					2CD8DDC837D8042EBD00FAAC,
					DE69B418D3E6B6893977CDC1,
					CFE6846487945890AEFA253B,
					F683B8ED17E7E74361810BC1, ); runOnlyForDeploymentPostprocessing = 0; };
		EFB06C11706FA2BED72C0177 = {isa = PBXNativeTarget; buildConfigurationList = 2B4B8962A4E44E38B04ED195; buildPhases = (
					433E22463C7FB20A34E42C96,
					C7DBA2ED2AAB16409521B539,
					8A0947884E4255028FEBC1BF, ); buildRules = ( ); dependencies = (
					BDECFAD9F9178C805ECF040C, ); name = "Temper - VST"; productName = Temper; productReference = 329DB2BBEB45BD6A9C25C06E; productType = "com.apple.product-type.bundle"; };
		5AF127382B498C3B12F47803 = {isa = XCConfigurationList; buildConfigurations = (
					BB20A7A862DDF30947CA24ED,
					552BE47D98F05E7E2A1BE1E5,
					48C2A0C89EB5B272FB1A3BE4, ); defaultConfigurationIsVisible = 0; defaultConfigurationName = Debug; };
		2396A6A5A1A0F028BA9634FA = {isa = PBXResourcesBuildPhase; buildActionMask = 2147483647; files = (
					D9997560B40DD7D50FA3E9A0, ); runOnlyForDeploymentPostprocessing = 0; };
		6CD0340BC5ECC5349164024F = {isa = PBXSourcesBuildPhase; buildActionMask = 2147483647; files = (
					10066F8FBF6EC9E37E0DE1AD, ); runOnlyForDeploymentPostprocessing = 0; };
		E4030EA573A5E9CC6D454AD5 = {isa = PBXFrameworksBuildPhase; buildActionMask = 2147483647; files = (
					79FECC7AD35E7CD7C30569E3,
					61AD7A33F376FB4318E4F7AF,
					B19EF2739AFA3DDA44EA7526,
					C3B45D6C33FC8D2DFFAFD911,
					08B71F44034B3235DC256506,
					26DDC2E8A87CED2C233559FF,
					5B7726FEB45B778ABED69629,
					1CDB95CBF8A78E121703AABD,
					3C0CF21B9D661657A7DBB61D,
					5AA57ADA8E950DE1913F8074,
					2CD8DDC837D8042EBD00FAAC,
					DE69B418D3E6B6893977CDC1,
					CFE6846487945890AEFA253B,
					F683B8ED17E7E74361810BC1, ); runOnlyForDeploymentPostprocessing = 0; };
		C4D91950F59C6AC78BBE99D9 = {isa = PBXNativeTarget; buildConfigurationList = 5AF127382B498C3B12F47803; buildPhases = (
					2396A6A5A1A0F028BA9634FA,
					6CD0340BC5ECC5349164024F,
					E4030EA573A5E9CC6D454AD5, ); buildRules = ( ); dependencies = (
					BDECFAD9F9178C805ECF040C, ); name = "Temper - VST3"; productName = Temper; productReference = DE34C9EED8B65542DF1F7EA5; productType = "com.apple.product-type.bundle"; };
		BC3EFCFB70AFB99B7FF7EDF3 = {isa = XCConfigurationList; buildConfigurations = (
					51D636E6D50164DCD40BB553,
					EE445B6674AB52157101266D,
					0653AFD32E461E60585D3F41, ); defaultConfigurationIsVisible = 0; defaultConfigurationName = Debug; };
		1DFB37F4AC1199CB4B36BD8C = {isa = PBXResourcesBuildPhase; buildActionMask = 2147483647; files = (
					D9997560B40DD7D50FA3E9A0, ); runOnlyForDeploymentPostprocessing = 0; };
		AA87E9A6A56329DA6FD6236F = {isa = PBXRezBuildPhase; buildActionMask = 2147483647; files = (
					0B753ED8F52C2C248C53F0AB, ); runOnlyForDeploymentPostprocessing = 0; };
		AA9C33298E6831FD8EDE97AA = {isa = PBXSourcesBuildPhase; buildActionMask = 2147483647; files = (
					DAB193581FCC69B9691223B5,
					5D22FDD5F55141A80CE432EC, ); runOnlyForDeploymentPostprocessing = 0; };
		5E3200D6DA0BBFD4B9F1E6CA = {isa = PBXFrameworksBuildPhase; buildActionMask = 2147483647; files = (
					79FECC7AD35E7CD7C30569E3,
					61AD7A33F376FB4318E4F7AF,
					BF91BC76FFFCCFD8A5A3DB90,
					B19EF2739AFA3DDA44EA7526,
					C3B45D6C33FC8D2DFFAFD911,
					08B71F44034B3235DC256506,
					26DDC2E8A87CED2C233559FF,
					5B7726FEB45B778ABED69629,
					02843AA0A5FDADC7EEAC6BEE,
					1CDB95CBF8A78E121703AABD,
					3C0CF21B9D661657A7DBB61D,
					5AA57ADA8E950DE1913F8074,
					2CD8DDC837D8042EBD00FAAC,
					DE69B418D3E6B6893977CDC1,
					CFE6846487945890AEFA253B,
					F683B8ED17E7E74361810BC1, ); runOnlyForDeploymentPostprocessing = 0; };
		78A0F1CBC813E0CDBA206E64 = {isa = PBXNativeTarget; buildConfigurationList = BC3EFCFB70AFB99B7FF7EDF3; buildPhases = (
					1DFB37F4AC1199CB4B36BD8C,
					AA87E9A6A56329DA6FD6236F,
					AA9C33298E6831FD8EDE97AA,
					5E3200D6DA0BBFD4B9F1E6CA, ); buildRules = ( ); dependencies = (
					BDECFAD9F9178C805ECF040C, ); name = "Temper - AU"; productName = Temper; productReference = D382B2EFF926D55A5494CF1D; productType = "com.apple.product-type.bundle"; };
		1E432B7236708FF6C39EE7B3 = {isa = XCConfigurationList; buildConfigurations = (
					B3463E7EB0C6F6B8B3CEB9F9,
					8E12410EC2444CFE892522F2,
					7C721E226241FBB4FB038A8E, ); defaultConfigurationIsVisible = 0; defaultConfigurationName = Debug; };
		F8A8036273438FF53B74788C = {isa = PBXResourcesBuildPhase; buildActionMask = 2147483647; files = (
					D9997560B40DD7D50FA3E9A0, ); runOnlyForDeploymentPostprocessing = 0; };
		99326F02268010B1AB8B4EE8 = {isa = PBXSourcesBuildPhase; buildActionMask = 2147483647; files = (
					8FD7DF91F80816C75804E626, ); runOnlyForDeploymentPostprocessing = 0; };
		D534DBA3B54AC47DC17473BB = {isa = PBXFrameworksBuildPhase; buildActionMask = 2147483647; files = (
					79FECC7AD35E7CD7C30569E3,
					61AD7A33F376FB4318E4F7AF,
					B19EF2739AFA3DDA44EA7526,
					C3B45D6C33FC8D2DFFAFD911,
					08B71F44034B3235DC256506,
					26DDC2E8A87CED2C233559FF,
					5B7726FEB45B778ABED69629,
					1CDB95CBF8A78E121703AABD,
					3C0CF21B9D661657A7DBB61D,
					5AA57ADA8E950DE1913F8074,
					2CD8DDC837D8042EBD00FAAC,
					DE69B418D3E6B6893977CDC1,
					CFE6846487945890AEFA253B,
					F683B8ED17E7E74361810BC1, ); runOnlyForDeploymentPostprocessing = 0; };
		B4FFFFFD24A70BAECA79D226 = {isa = PBXNativeTarget; buildConfigurationList = 1E432B7236708FF6C39EE7B3; buildPhases = (
					F8A8036273438FF53B74788C,
					99326F02268010B1AB8B4EE8,
					D534DBA3B54AC47DC17473BB, ); buildRules = ( ); dependencies = (
					BDECFAD9F9178C805ECF040C, ); name = "Temper - Standalone Plugin"; productName = Temper; productReference = CE24234A805A548104752B18; productType = "com.apple.product-type.application"; };
		4BD7DC1DB3BF44FD80C19DF7 = {isa = XCConfigurationList; buildConfigurations = (
					8F02B3FB70199C61B246690E,
					B705C6672E96DCA45E3645EA,
					BFB4F18F1645324BD3D4A03E, ); defaultConfigurationIsVisible = 0; defaultConfigurationName = Debug; };
		7E7EA50BF37C2E45F7FED2C2 = {isa = PBXSourcesBuildPhase; buildActionMask = 2147483647; files = (
					B6142B2DF81E50A0E4E76F52,
					0988CF5ED15E82CC78B53137,
					7895E7D833D1029782229EBF,
					7D138E4AA28C1C976EA1D186,
					5996B7821900A1790016AADE,
					1E62DE5EE4512FECE82E2E09,
					46761BF0558068478B8ABEC2,
					CB115CA1ED358F980E1CBE6F,
					9C5A0DCFFD53650C343E142F,
					9E6E52EFC3B57F61D701EC19,
					274D467D0A8753F7EDBD04DF,
					9494E786CFDC756E9821102A,
					3A43512BD12733D784697343,
					FBFDB86DECA46E503320CAEE,
					B99E04E3BBE9E0D0DB1797C7,
					8689BCA55706DB2AF975F6BE,
					7020F5FC4892253AEDC4B6C1,
					FEC45F5FAA0B8F0B2EB4D62C,
					6348ED75152CC9DCD4327937,
					631BBF5C0B44B9CAF4248FAD,
					2F31CF09BE378AD7ED861925,
					C4199DF380BE36A4BB61C542,
					F26E07F79FD441C416B3E98E,
					37FC7CDE7C515B3ABEFCBF20,
					E7FA2C8749C360EBAC0C497E,
					AFB47B9448D55B25E1D20E8F, ); runOnlyForDeploymentPostprocessing = 0; };
		B7EF72187EFCA6F380E6881C = {isa = PBXNativeTarget; buildConfigurationList = 4BD7DC1DB3BF44FD80C19DF7; buildPhases = (
					7E7EA50BF37C2E45F7FED2C2, ); buildRules = ( ); dependencies = (  ); name = "Temper - Shared Code"; productName = Temper; productReference = 51985E139AA96A0DF9BDD53F; productType = "com.apple.product-type.library.static"; };
		161A016FC5B702D86E73B434 = {isa = PBXProject; buildConfigurationList = E3D10272E9BD334B9AC87536; attributes = { LastUpgradeCheck = 0830; ORGANIZATIONNAME = "Creative Intent"; TargetAttributes = { 2BEC471FAEF6D07D8826CB28 = { SystemCapabilities = {com.apple.ApplicationGroups.iOS = { enabled = 0; }; com.apple.InAppPurchase = { enabled = 0; }; com.apple.InterAppAudio = { enabled = 0; }; com.apple.Push = { enabled = 0; }; com.apple.Sandbox = { enabled = 0; }; }; };EFB06C11706FA2BED72C0177 = { SystemCapabilities = {com.apple.ApplicationGroups.iOS = { enabled = 0; }; com.apple.InAppPurchase = { enabled = 0; }; com.apple.InterAppAudio = { enabled = 0; }; com.apple.Push = { enabled = 0; }; com.apple.Sandbox = { enabled = 0; }; }; };C4D91950F59C6AC78BBE99D9 = { SystemCapabilities = {com.apple.ApplicationGroups.iOS = { enabled = 0; }; com.apple.InAppPurchase = { enabled = 0; }; com.apple.InterAppAudio = { enabled = 0; }; com.apple.Push = { enabled = 0; }; com.apple.Sandbox = { enabled = 0; }; }; };78A0F1CBC813E0CDBA206E64 = { SystemCapabilities = {com.apple.ApplicationGroups.iOS = { enabled = 0; }; com.apple.InAppPurchase = { enabled = 0; }; com.apple.InterAppAudio = { enabled = 0; }; com.apple.Push = { enabled = 0; }; com.apple.Sandbox = { enabled = 0; }; }; };B4FFFFFD24A70BAECA79D226 = { SystemCapabilities = {com.apple.ApplicationGroups.iOS = { enabled = 0; }; com.apple.InAppPurchase = { enabled = 0; }; com.apple.InterAppAudio = { enabled = 0; }; com.apple.Push = { enabled = 0; }; com.apple.Sandbox = { enabled = 0; }; }; };B7EF72187EFCA6F380E6881C = { SystemCapabilities = {com.apple.ApplicationGroups.iOS = { enabled = 0; }; com.apple.InAppPurchase = { enabled = 0; }; com.apple.InterAppAudio = { enabled = 0; }; com.apple.Push = { enabled = 0; }; com.apple.Sandbox = { enabled = 0; }; }; }; }; }; compatibilityVersion = "Xcode 3.2"; hasScannedForEncodings = 0; mainGroup = 16B7A8795DC462581C0D3409; projectDirPath = ""; projectRoot = ""; targets = (2BEC471FAEF6D07D8826CB28, EFB06C11706FA2BED72C0177, C4D91950F59C6AC78BBE99D9, 78A0F1CBC813E0CDBA206E64, B4FFFFFD24A70BAECA79D226, B7EF72187EFCA6F380E6881C); };
	};
	rootObject = 161A016FC5B702D86E73B434;
}
