<?xml version="1.0" encoding="utf-8"?>
<Project ToolsVersion="4.0" xmlns="http://schemas.microsoft.com/developer/msbuild/2003">
  <ItemGroup>
    <Filter Include="Source Files">
      <UniqueIdentifier>{4FC737F1-C7A5-4376-A066-2A32D752A2FF}</UniqueIdentifier>
      <Extensions>cpp;c;cxx;def;odl;idl;hpj;bat;asm;asmx</Extensions>
    </Filter>
    <Filter Include="Source Files\public.sdk">
      <UniqueIdentifier>{d7b97326-3cb7-485e-ad71-c2ba9a63d49d}</UniqueIdentifier>
    </Filter>
    <Filter Include="Source Files\public.sdk\common">
      <UniqueIdentifier>{51271133-4e0a-43f6-b270-fabff9293c14}</UniqueIdentifier>
    </Filter>
    <Filter Include="Source Files\public.sdk\vst">
      <UniqueIdentifier>{533a4e73-6a1d-4339-a26d-fc53879c9307}</UniqueIdentifier>
    </Filter>
    <Filter Include="Source Files\public.sdk\main">
      <UniqueIdentifier>{73690dd8-8a71-4ccc-af25-3bda1bba3f41}</UniqueIdentifier>
    </Filter>
    <Filter Include="Source Files\pluginterfaces">
      <UniqueIdentifier>{8ab95a1e-0cc8-4c81-8462-80ef06b3e44b}</UniqueIdentifier>
    </Filter>
    <Filter Include="Source Files\pluginterfaces\base">
      <UniqueIdentifier>{6445085a-03d4-44bf-937b-d6e3c744fcc0}</UniqueIdentifier>
    </Filter>
    <Filter Include="Source Files\pluginterfaces\vst">
      <UniqueIdentifier>{c55890c2-8411-4771-80b5-fe3dcb051826}</UniqueIdentifier>
    </Filter>
    <Filter Include="Source Files\pluginterfaces\gui">
      <UniqueIdentifier>{d15840c5-c7eb-4354-abf1-5de289e44492}</UniqueIdentifier>
    </Filter>
    <Filter Include="Source Files\resources">
      <UniqueIdentifier>{99325faf-8157-4530-9b88-7a2190556eba}</UniqueIdentifier>
    </Filter>
  </ItemGroup>
  <ItemGroup>
    <ClCompile Include="..\source\plug.cpp">
      <Filter>Source Files</Filter>
    </ClCompile>
    <ClCompile Include="..\source\plugcontroller.cpp">
      <Filter>Source Files</Filter>
    </ClCompile>
    <ClCompile Include="..\source\plugentry.cpp">
      <Filter>Source Files</Filter>
    </ClCompile>
    <ClCompile Include="..\..\..\..\source\common\pluginview.cpp">
      <Filter>Source Files\public.sdk\common</Filter>
    </ClCompile>
    <ClCompile Include="..\..\..\..\source\vst\vstaudioeffect.cpp">
      <Filter>Source Files\public.sdk\vst</Filter>
    </ClCompile>
    <ClCompile Include="..\..\..\..\source\vst\vstbus.cpp">
      <Filter>Source Files\public.sdk\vst</Filter>
    </ClCompile>
    <ClCompile Include="..\..\..\..\source\vst\vstcomponent.cpp">
      <Filter>Source Files\public.sdk\vst</Filter>
    </ClCompile>
    <ClCompile Include="..\..\..\..\source\vst\vstcomponentbase.cpp">
      <Filter>Source Files\public.sdk\vst</Filter>
    </ClCompile>
    <ClCompile Include="..\..\..\..\source\vst\vsteditcontroller.cpp">
      <Filter>Source Files\public.sdk\vst</Filter>
    </ClCompile>
    <ClCompile Include="..\..\..\..\source\vst\vstinitiids.cpp">
      <Filter>Source Files\public.sdk\vst</Filter>
    </ClCompile>
    <ClCompile Include="..\..\..\..\source\vst\vstparameters.cpp">
      <Filter>Source Files\public.sdk\vst</Filter>
    </ClCompile>
    <ClCompile Include="..\..\..\..\source\main\dllmain.cpp">
      <Filter>Source Files\public.sdk\main</Filter>
    </ClCompile>
    <ClCompile Include="..\..\..\..\source\main\pluginfactoryvst3.cpp">
      <Filter>Source Files\public.sdk\main</Filter>
    </ClCompile>
    <ClCompile Include="..\..\..\..\..\pluginterfaces\base\funknown.cpp">
      <Filter>Source Files\pluginterfaces\base</Filter>
    </ClCompile>
    <ClCompile Include="..\..\..\..\..\pluginterfaces\base\ustring.cpp">
      <Filter>Source Files\pluginterfaces\base</Filter>
    </ClCompile>
  </ItemGroup>
  <ItemGroup>
    <ClInclude Include="..\source\plug.h">
      <Filter>Source Files</Filter>
    </ClInclude>
    <ClInclude Include="..\source\plugcids.h">
      <Filter>Source Files</Filter>
    </ClInclude>
    <ClInclude Include="..\source\plugcontroller.h">
      <Filter>Source Files</Filter>
    </ClInclude>
    <ClInclude Include="..\source\plugparamids.h">
      <Filter>Source Files</Filter>
    </ClInclude>
    <ClInclude Include="..\source\version.h">
      <Filter>Source Files</Filter>
    </ClInclude>
    <ClInclude Include="..\..\..\..\source\common\pluginview.h">
      <Filter>Source Files\public.sdk\common</Filter>
    </ClInclude>
    <ClInclude Include="..\..\..\..\source\vst\vstaudioeffect.h">
      <Filter>Source Files\public.sdk\vst</Filter>
    </ClInclude>
    <ClInclude Include="..\..\..\..\source\vst\vstbus.h">
      <Filter>Source Files\public.sdk\vst</Filter>
    </ClInclude>
    <ClInclude Include="..\..\..\..\source\vst\vstcomponent.h">
      <Filter>Source Files\public.sdk\vst</Filter>
    </ClInclude>
    <ClInclude Include="..\..\..\..\source\vst\vstcomponentbase.h">
      <Filter>Source Files\public.sdk\vst</Filter>
    </ClInclude>
    <ClInclude Include="..\..\..\..\source\vst\vsteditcontroller.h">
      <Filter>Source Files\public.sdk\vst</Filter>
    </ClInclude>
    <ClInclude Include="..\..\..\..\source\vst\vstparameters.h">
      <Filter>Source Files\public.sdk\vst</Filter>
    </ClInclude>
    <ClInclude Include="..\..\..\..\source\main\pluginfactoryvst3.h">
      <Filter>Source Files\public.sdk\main</Filter>
    </ClInclude>
    <ClInclude Include="..\..\..\..\..\pluginterfaces\base\falignpop.h">
      <Filter>Source Files\pluginterfaces\base</Filter>
    </ClInclude>
    <ClInclude Include="..\..\..\..\..\pluginterfaces\base\falignpush.h">
      <Filter>Source Files\pluginterfaces\base</Filter>
    </ClInclude>
    <ClInclude Include="..\..\..\..\..\pluginterfaces\base\fplatform.h">
      <Filter>Source Files\pluginterfaces\base</Filter>
    </ClInclude>
    <ClInclude Include="..\..\..\..\..\pluginterfaces\base\ftypes.h">
      <Filter>Source Files\pluginterfaces\base</Filter>
    </ClInclude>
    <ClInclude Include="..\..\..\..\..\pluginterfaces\base\funknown.h">
      <Filter>Source Files\pluginterfaces\base</Filter>
    </ClInclude>
    <ClInclude Include="..\..\..\..\..\pluginterfaces\base\ipluginbase.h">
      <Filter>Source Files\pluginterfaces\base</Filter>
    </ClInclude>
    <ClInclude Include="..\..\..\..\..\pluginterfaces\base\keycodes.h">
      <Filter>Source Files\pluginterfaces\base</Filter>
    </ClInclude>
    <ClInclude Include="..\..\..\..\..\pluginterfaces\base\ustring.h">
      <Filter>Source Files\pluginterfaces\base</Filter>
    </ClInclude>
    <ClInclude Include="..\..\..\..\..\pluginterfaces\vst\ivstattributes.h">
      <Filter>Source Files\pluginterfaces\vst</Filter>
    </ClInclude>
    <ClInclude Include="..\..\..\..\..\pluginterfaces\vst\ivstaudioprocessor.h">
      <Filter>Source Files\pluginterfaces\vst</Filter>
    </ClInclude>
    <ClInclude Include="..\..\..\..\..\pluginterfaces\vst\ivstcomponent.h">
      <Filter>Source Files\pluginterfaces\vst</Filter>
    </ClInclude>
    <ClInclude Include="..\..\..\..\..\pluginterfaces\vst\ivsteditcontroller.h">
      <Filter>Source Files\pluginterfaces\vst</Filter>
    </ClInclude>
    <ClInclude Include="..\..\..\..\..\pluginterfaces\vst\ivstevents.h">
      <Filter>Source Files\pluginterfaces\vst</Filter>
    </ClInclude>
    <ClInclude Include="..\..\..\..\..\pluginterfaces\vst\ivsthostapplication.h">
      <Filter>Source Files\pluginterfaces\vst</Filter>
    </ClInclude>
    <ClInclude Include="..\..\..\..\..\pluginterfaces\vst\ivstmessage.h">
      <Filter>Source Files\pluginterfaces\vst</Filter>
    </ClInclude>
    <ClInclude Include="..\..\..\..\..\pluginterfaces\vst\ivstmidicontrollers.h">
      <Filter>Source Files\pluginterfaces\vst</Filter>
    </ClInclude>
    <ClInclude Include="..\..\..\..\..\pluginterfaces\vst\ivstparameterchanges.h">
      <Filter>Source Files\pluginterfaces\vst</Filter>
    </ClInclude>
    <ClInclude Include="..\..\..\..\..\pluginterfaces\vst\ivstprocesscontext.h">
      <Filter>Source Files\pluginterfaces\vst</Filter>
    </ClInclude>
    <ClInclude Include="..\..\..\..\..\pluginterfaces\vst\ivstunits.h">
      <Filter>Source Files\pluginterfaces\vst</Filter>
    </ClInclude>
    <ClInclude Include="..\..\..\..\..\pluginterfaces\vst\vstpresetkeys.h">
      <Filter>Source Files\pluginterfaces\vst</Filter>
    </ClInclude>
    <ClInclude Include="..\..\..\..\..\pluginterfaces\vst\vsttypes.h">
      <Filter>Source Files\pluginterfaces\vst</Filter>
    </ClInclude>
    <ClInclude Include="..\..\..\..\..\pluginterfaces\gui\iplugview.h">
      <Filter>Source Files\pluginterfaces\gui</Filter>
    </ClInclude>
  </ItemGroup>
  <ItemGroup>
    <None Include="plug.def">
      <Filter>Source Files\resources</Filter>
    </None>
  </ItemGroup>
  <ItemGroup>
    <ResourceCompile Include="..\resource\plug.rc">
      <Filter>Source Files\resources</Filter>
    </ResourceCompile>
  </ItemGroup>
</Project>