Microsoft Visual Studio Solution File, Format Version 11.00
# Visual Studio 2015
Project("{B94A52D6-5C64-6F17-D023-6BD5505EFD31}") = "mxzero", "mxzero.vcxproj", "{82329037-B926-5E14-DA60-03494472AD3C}"
EndProject
Global
	GlobalSection(SolutionConfigurationPlatforms) = preSolution
		Debug32|Win32 = Debug32|Win32
		Debug64|x64 = Debug64|x64
		Release32|Win32 = Release32|Win32
		Release64|x64 = Release64|x64
	EndGlobalSection
	GlobalSection(ProjectConfigurationPlatforms) = postSolution
		{82329037-B926-5E14-DA60-03494472AD3C}.Debug32|Win32.ActiveCfg = Debug32|Win32
		{82329037-B926-5E14-DA60-03494472AD3C}.Debug32|Win32.Build.0 = Debug32|Win32
		{82329037-B926-5E14-DA60-03494472AD3C}.Debug64|x64.ActiveCfg = Debug64|x64
		{82329037-B926-5E14-DA60-03494472AD3C}.Debug64|x64.Build.0 = Debug64|x64
		{82329037-B926-5E14-DA60-03494472AD3C}.Release32|Win32.ActiveCfg = Release32|Win32
		{82329037-B926-5E14-DA60-03494472AD3C}.Release32|Win32.Build.0 = Release32|Win32
		{82329037-B926-5E14-DA60-03494472AD3C}.Release64|x64.ActiveCfg = Release64|x64
		{82329037-B926-5E14-DA60-03494472AD3C}.Release64|x64.Build.0 = Release64|x64
	EndGlobalSection
	GlobalSection(SolutionProperties) = preSolution
		HideSolutionNode = FALSE
	EndGlobalSection
EndGlobal
